
Microsoft Visual Studio Solution File, Format Version 12.00
# Visual Studio 14
VisualStudioVersion = 14.0.24720.0
MinimumVisualStudioVersion = 10.0.40219.1
Project("{FAE04EC0-301F-11D3-BF4B-00C04F79EFBC}") = "iVM.Core", "src\iVM.Core\iVM.Core.csproj", "{FB1B2DE1-B288-44CE-B504-AC5C7FEC3DFB}"
EndProject
Project("{FAE04EC0-301F-11D3-BF4B-00C04F79EFBC}") = "iVM.Data.Model", "src\iVM.Data.Model\iVM.Data.Model.csproj", "{C510242C-989B-45DA-B779-9E47C47D7BCA}"
EndProject
Project("{FAE04EC0-301F-11D3-BF4B-00C04F79EFBC}") = "iVM.Core.UI", "src\iVM.Core.UI\iVM.Core.UI.csproj", "{3B69B4D1-12C2-4048-B898-8A5164757556}"
EndProject
Project("{FAE04EC0-301F-11D3-BF4B-00C04F79EFBC}") = "iVM.UWP.App", "src\iVM.UWP.App\iVM.UWP.App.csproj", "{D787BE9D-F6C6-4E60-8B98-419B8C994F0C}"
EndProject
Project("{FAE04EC0-301F-11D3-BF4B-00C04F79EFBC}") = "iVM.Android.App", "src\iVM.Android.App\iVM.Android.App.csproj", "{B80795F2-B8C9-4B4D-9DA0-34F285B310BB}"
EndProject
Project("{FAE04EC0-301F-11D3-BF4B-00C04F79EFBC}") = "iVM.iOS.App", "src\iVM.iOS.App\iVM.iOS.App.csproj", "{ADBA9F73-D610-484D-B8D7-74449C94E60E}"
EndProject
Project("{FAE04EC0-301F-11D3-BF4B-00C04F79EFBC}") = "iVM.Data.SQL.EF", "src\iVM.Data.SQL.EF\iVM.Data.SQL.EF.csproj", "{43164BA4-1966-4A16-8FE1-0879237ECE4F}"
EndProject
Project("{FAE04EC0-301F-11D3-BF4B-00C04F79EFBC}") = "iVM.UWP.Localization", "iVM.UWP.Localization\iVM.UWP.Localization.csproj", "{AA879603-53F7-4928-9918-F3F7A05A5993}"
EndProject
Global
	GlobalSection(SolutionConfigurationPlatforms) = preSolution
		Ad-Hoc|Any CPU = Ad-Hoc|Any CPU
		Ad-Hoc|ARM = Ad-Hoc|ARM
		Ad-Hoc|iPhone = Ad-Hoc|iPhone
		Ad-Hoc|iPhoneSimulator = Ad-Hoc|iPhoneSimulator
		Ad-Hoc|x64 = Ad-Hoc|x64
		Ad-Hoc|x86 = Ad-Hoc|x86
		AppStore|Any CPU = AppStore|Any CPU
		AppStore|ARM = AppStore|ARM
		AppStore|iPhone = AppStore|iPhone
		AppStore|iPhoneSimulator = AppStore|iPhoneSimulator
		AppStore|x64 = AppStore|x64
		AppStore|x86 = AppStore|x86
		Debug|Any CPU = Debug|Any CPU
		Debug|ARM = Debug|ARM
		Debug|iPhone = Debug|iPhone
		Debug|iPhoneSimulator = Debug|iPhoneSimulator
		Debug|x64 = Debug|x64
		Debug|x86 = Debug|x86
		Release|Any CPU = Release|Any CPU
		Release|ARM = Release|ARM
		Release|iPhone = Release|iPhone
		Release|iPhoneSimulator = Release|iPhoneSimulator
		Release|x64 = Release|x64
		Release|x86 = Release|x86
	EndGlobalSection
	GlobalSection(ProjectConfigurationPlatforms) = postSolution
		{FB1B2DE1-B288-44CE-B504-AC5C7FEC3DFB}.Ad-Hoc|Any CPU.ActiveCfg = Release|Any CPU
		{FB1B2DE1-B288-44CE-B504-AC5C7FEC3DFB}.Ad-Hoc|Any CPU.Build.0 = Release|Any CPU
		{FB1B2DE1-B288-44CE-B504-AC5C7FEC3DFB}.Ad-Hoc|ARM.ActiveCfg = Release|Any CPU
		{FB1B2DE1-B288-44CE-B504-AC5C7FEC3DFB}.Ad-Hoc|ARM.Build.0 = Release|Any CPU
		{FB1B2DE1-B288-44CE-B504-AC5C7FEC3DFB}.Ad-Hoc|iPhone.ActiveCfg = Release|Any CPU
		{FB1B2DE1-B288-44CE-B504-AC5C7FEC3DFB}.Ad-Hoc|iPhone.Build.0 = Release|Any CPU
		{FB1B2DE1-B288-44CE-B504-AC5C7FEC3DFB}.Ad-Hoc|iPhoneSimulator.ActiveCfg = Release|Any CPU
		{FB1B2DE1-B288-44CE-B504-AC5C7FEC3DFB}.Ad-Hoc|iPhoneSimulator.Build.0 = Release|Any CPU
		{FB1B2DE1-B288-44CE-B504-AC5C7FEC3DFB}.Ad-Hoc|x64.ActiveCfg = Release|Any CPU
		{FB1B2DE1-B288-44CE-B504-AC5C7FEC3DFB}.Ad-Hoc|x64.Build.0 = Release|Any CPU
		{FB1B2DE1-B288-44CE-B504-AC5C7FEC3DFB}.Ad-Hoc|x86.ActiveCfg = Release|Any CPU
		{FB1B2DE1-B288-44CE-B504-AC5C7FEC3DFB}.Ad-Hoc|x86.Build.0 = Release|Any CPU
		{FB1B2DE1-B288-44CE-B504-AC5C7FEC3DFB}.AppStore|Any CPU.ActiveCfg = Release|Any CPU
		{FB1B2DE1-B288-44CE-B504-AC5C7FEC3DFB}.AppStore|Any CPU.Build.0 = Release|Any CPU
		{FB1B2DE1-B288-44CE-B504-AC5C7FEC3DFB}.AppStore|ARM.ActiveCfg = Release|Any CPU
		{FB1B2DE1-B288-44CE-B504-AC5C7FEC3DFB}.AppStore|ARM.Build.0 = Release|Any CPU
		{FB1B2DE1-B288-44CE-B504-AC5C7FEC3DFB}.AppStore|iPhone.ActiveCfg = Release|Any CPU
		{FB1B2DE1-B288-44CE-B504-AC5C7FEC3DFB}.AppStore|iPhone.Build.0 = Release|Any CPU
		{FB1B2DE1-B288-44CE-B504-AC5C7FEC3DFB}.AppStore|iPhoneSimulator.ActiveCfg = Release|Any CPU
		{FB1B2DE1-B288-44CE-B504-AC5C7FEC3DFB}.AppStore|iPhoneSimulator.Build.0 = Release|Any CPU
		{FB1B2DE1-B288-44CE-B504-AC5C7FEC3DFB}.AppStore|x64.ActiveCfg = Release|Any CPU
		{FB1B2DE1-B288-44CE-B504-AC5C7FEC3DFB}.AppStore|x64.Build.0 = Release|Any CPU
		{FB1B2DE1-B288-44CE-B504-AC5C7FEC3DFB}.AppStore|x86.ActiveCfg = Release|Any CPU
		{FB1B2DE1-B288-44CE-B504-AC5C7FEC3DFB}.AppStore|x86.Build.0 = Release|Any CPU
		{FB1B2DE1-B288-44CE-B504-AC5C7FEC3DFB}.Debug|Any CPU.ActiveCfg = Debug|Any CPU
		{FB1B2DE1-B288-44CE-B504-AC5C7FEC3DFB}.Debug|Any CPU.Build.0 = Debug|Any CPU
		{FB1B2DE1-B288-44CE-B504-AC5C7FEC3DFB}.Debug|ARM.ActiveCfg = Debug|Any CPU
		{FB1B2DE1-B288-44CE-B504-AC5C7FEC3DFB}.Debug|ARM.Build.0 = Debug|Any CPU
		{FB1B2DE1-B288-44CE-B504-AC5C7FEC3DFB}.Debug|iPhone.ActiveCfg = Debug|Any CPU
		{FB1B2DE1-B288-44CE-B504-AC5C7FEC3DFB}.Debug|iPhone.Build.0 = Debug|Any CPU
		{FB1B2DE1-B288-44CE-B504-AC5C7FEC3DFB}.Debug|iPhoneSimulator.ActiveCfg = Debug|Any CPU
		{FB1B2DE1-B288-44CE-B504-AC5C7FEC3DFB}.Debug|iPhoneSimulator.Build.0 = Debug|Any CPU
		{FB1B2DE1-B288-44CE-B504-AC5C7FEC3DFB}.Debug|x64.ActiveCfg = Debug|Any CPU
		{FB1B2DE1-B288-44CE-B504-AC5C7FEC3DFB}.Debug|x64.Build.0 = Debug|Any CPU
		{FB1B2DE1-B288-44CE-B504-AC5C7FEC3DFB}.Debug|x86.ActiveCfg = Debug|Any CPU
		{FB1B2DE1-B288-44CE-B504-AC5C7FEC3DFB}.Debug|x86.Build.0 = Debug|Any CPU
		{FB1B2DE1-B288-44CE-B504-AC5C7FEC3DFB}.Release|Any CPU.ActiveCfg = Release|Any CPU
		{FB1B2DE1-B288-44CE-B504-AC5C7FEC3DFB}.Release|Any CPU.Build.0 = Release|Any CPU
		{FB1B2DE1-B288-44CE-B504-AC5C7FEC3DFB}.Release|ARM.ActiveCfg = Release|Any CPU
		{FB1B2DE1-B288-44CE-B504-AC5C7FEC3DFB}.Release|ARM.Build.0 = Release|Any CPU
		{FB1B2DE1-B288-44CE-B504-AC5C7FEC3DFB}.Release|iPhone.ActiveCfg = Release|Any CPU
		{FB1B2DE1-B288-44CE-B504-AC5C7FEC3DFB}.Release|iPhone.Build.0 = Release|Any CPU
		{FB1B2DE1-B288-44CE-B504-AC5C7FEC3DFB}.Release|iPhoneSimulator.ActiveCfg = Release|Any CPU
		{FB1B2DE1-B288-44CE-B504-AC5C7FEC3DFB}.Release|iPhoneSimulator.Build.0 = Release|Any CPU
		{FB1B2DE1-B288-44CE-B504-AC5C7FEC3DFB}.Release|x64.ActiveCfg = Release|Any CPU
		{FB1B2DE1-B288-44CE-B504-AC5C7FEC3DFB}.Release|x64.Build.0 = Release|Any CPU
		{FB1B2DE1-B288-44CE-B504-AC5C7FEC3DFB}.Release|x86.ActiveCfg = Release|Any CPU
		{FB1B2DE1-B288-44CE-B504-AC5C7FEC3DFB}.Release|x86.Build.0 = Release|Any CPU
		{C510242C-989B-45DA-B779-9E47C47D7BCA}.Ad-Hoc|Any CPU.ActiveCfg = Release|Any CPU
		{C510242C-989B-45DA-B779-9E47C47D7BCA}.Ad-Hoc|Any CPU.Build.0 = Release|Any CPU
		{C510242C-989B-45DA-B779-9E47C47D7BCA}.Ad-Hoc|ARM.ActiveCfg = Release|Any CPU
		{C510242C-989B-45DA-B779-9E47C47D7BCA}.Ad-Hoc|ARM.Build.0 = Release|Any CPU
		{C510242C-989B-45DA-B779-9E47C47D7BCA}.Ad-Hoc|iPhone.ActiveCfg = Release|Any CPU
		{C510242C-989B-45DA-B779-9E47C47D7BCA}.Ad-Hoc|iPhone.Build.0 = Release|Any CPU
		{C510242C-989B-45DA-B779-9E47C47D7BCA}.Ad-Hoc|iPhoneSimulator.ActiveCfg = Release|Any CPU
		{C510242C-989B-45DA-B779-9E47C47D7BCA}.Ad-Hoc|iPhoneSimulator.Build.0 = Release|Any CPU
		{C510242C-989B-45DA-B779-9E47C47D7BCA}.Ad-Hoc|x64.ActiveCfg = Release|Any CPU
		{C510242C-989B-45DA-B779-9E47C47D7BCA}.Ad-Hoc|x64.Build.0 = Release|Any CPU
		{C510242C-989B-45DA-B779-9E47C47D7BCA}.Ad-Hoc|x86.ActiveCfg = Release|Any CPU
		{C510242C-989B-45DA-B779-9E47C47D7BCA}.Ad-Hoc|x86.Build.0 = Release|Any CPU
		{C510242C-989B-45DA-B779-9E47C47D7BCA}.AppStore|Any CPU.ActiveCfg = Release|Any CPU
		{C510242C-989B-45DA-B779-9E47C47D7BCA}.AppStore|Any CPU.Build.0 = Release|Any CPU
		{C510242C-989B-45DA-B779-9E47C47D7BCA}.AppStore|ARM.ActiveCfg = Release|Any CPU
		{C510242C-989B-45DA-B779-9E47C47D7BCA}.AppStore|ARM.Build.0 = Release|Any CPU
		{C510242C-989B-45DA-B779-9E47C47D7BCA}.AppStore|iPhone.ActiveCfg = Release|Any CPU
		{C510242C-989B-45DA-B779-9E47C47D7BCA}.AppStore|iPhone.Build.0 = Release|Any CPU
		{C510242C-989B-45DA-B779-9E47C47D7BCA}.AppStore|iPhoneSimulator.ActiveCfg = Release|Any CPU
		{C510242C-989B-45DA-B779-9E47C47D7BCA}.AppStore|iPhoneSimulator.Build.0 = Release|Any CPU
		{C510242C-989B-45DA-B779-9E47C47D7BCA}.AppStore|x64.ActiveCfg = Release|Any CPU
		{C510242C-989B-45DA-B779-9E47C47D7BCA}.AppStore|x64.Build.0 = Release|Any CPU
		{C510242C-989B-45DA-B779-9E47C47D7BCA}.AppStore|x86.ActiveCfg = Release|Any CPU
		{C510242C-989B-45DA-B779-9E47C47D7BCA}.AppStore|x86.Build.0 = Release|Any CPU
		{C510242C-989B-45DA-B779-9E47C47D7BCA}.Debug|Any CPU.ActiveCfg = Debug|Any CPU
		{C510242C-989B-45DA-B779-9E47C47D7BCA}.Debug|Any CPU.Build.0 = Debug|Any CPU
		{C510242C-989B-45DA-B779-9E47C47D7BCA}.Debug|ARM.ActiveCfg = Debug|Any CPU
		{C510242C-989B-45DA-B779-9E47C47D7BCA}.Debug|ARM.Build.0 = Debug|Any CPU
		{C510242C-989B-45DA-B779-9E47C47D7BCA}.Debug|iPhone.ActiveCfg = Debug|Any CPU
		{C510242C-989B-45DA-B779-9E47C47D7BCA}.Debug|iPhone.Build.0 = Debug|Any CPU
		{C510242C-989B-45DA-B779-9E47C47D7BCA}.Debug|iPhoneSimulator.ActiveCfg = Debug|Any CPU
		{C510242C-989B-45DA-B779-9E47C47D7BCA}.Debug|iPhoneSimulator.Build.0 = Debug|Any CPU
		{C510242C-989B-45DA-B779-9E47C47D7BCA}.Debug|x64.ActiveCfg = Debug|Any CPU
		{C510242C-989B-45DA-B779-9E47C47D7BCA}.Debug|x64.Build.0 = Debug|Any CPU
		{C510242C-989B-45DA-B779-9E47C47D7BCA}.Debug|x86.ActiveCfg = Debug|Any CPU
		{C510242C-989B-45DA-B779-9E47C47D7BCA}.Debug|x86.Build.0 = Debug|Any CPU
		{C510242C-989B-45DA-B779-9E47C47D7BCA}.Release|Any CPU.ActiveCfg = Release|Any CPU
		{C510242C-989B-45DA-B779-9E47C47D7BCA}.Release|Any CPU.Build.0 = Release|Any CPU
		{C510242C-989B-45DA-B779-9E47C47D7BCA}.Release|ARM.ActiveCfg = Release|Any CPU
		{C510242C-989B-45DA-B779-9E47C47D7BCA}.Release|ARM.Build.0 = Release|Any CPU
		{C510242C-989B-45DA-B779-9E47C47D7BCA}.Release|iPhone.ActiveCfg = Release|Any CPU
		{C510242C-989B-45DA-B779-9E47C47D7BCA}.Release|iPhone.Build.0 = Release|Any CPU
		{C510242C-989B-45DA-B779-9E47C47D7BCA}.Release|iPhoneSimulator.ActiveCfg = Release|Any CPU
		{C510242C-989B-45DA-B779-9E47C47D7BCA}.Release|iPhoneSimulator.Build.0 = Release|Any CPU
		{C510242C-989B-45DA-B779-9E47C47D7BCA}.Release|x64.ActiveCfg = Release|Any CPU
		{C510242C-989B-45DA-B779-9E47C47D7BCA}.Release|x64.Build.0 = Release|Any CPU
		{C510242C-989B-45DA-B779-9E47C47D7BCA}.Release|x86.ActiveCfg = Release|Any CPU
		{C510242C-989B-45DA-B779-9E47C47D7BCA}.Release|x86.Build.0 = Release|Any CPU
		{3B69B4D1-12C2-4048-B898-8A5164757556}.Ad-Hoc|Any CPU.ActiveCfg = Release|Any CPU
		{3B69B4D1-12C2-4048-B898-8A5164757556}.Ad-Hoc|Any CPU.Build.0 = Release|Any CPU
		{3B69B4D1-12C2-4048-B898-8A5164757556}.Ad-Hoc|ARM.ActiveCfg = Release|Any CPU
		{3B69B4D1-12C2-4048-B898-8A5164757556}.Ad-Hoc|ARM.Build.0 = Release|Any CPU
		{3B69B4D1-12C2-4048-B898-8A5164757556}.Ad-Hoc|iPhone.ActiveCfg = Release|Any CPU
		{3B69B4D1-12C2-4048-B898-8A5164757556}.Ad-Hoc|iPhone.Build.0 = Release|Any CPU
		{3B69B4D1-12C2-4048-B898-8A5164757556}.Ad-Hoc|iPhoneSimulator.ActiveCfg = Release|Any CPU
		{3B69B4D1-12C2-4048-B898-8A5164757556}.Ad-Hoc|iPhoneSimulator.Build.0 = Release|Any CPU
		{3B69B4D1-12C2-4048-B898-8A5164757556}.Ad-Hoc|x64.ActiveCfg = Release|Any CPU
		{3B69B4D1-12C2-4048-B898-8A5164757556}.Ad-Hoc|x64.Build.0 = Release|Any CPU
		{3B69B4D1-12C2-4048-B898-8A5164757556}.Ad-Hoc|x86.ActiveCfg = Release|Any CPU
		{3B69B4D1-12C2-4048-B898-8A5164757556}.Ad-Hoc|x86.Build.0 = Release|Any CPU
		{3B69B4D1-12C2-4048-B898-8A5164757556}.AppStore|Any CPU.ActiveCfg = Release|Any CPU
		{3B69B4D1-12C2-4048-B898-8A5164757556}.AppStore|Any CPU.Build.0 = Release|Any CPU
		{3B69B4D1-12C2-4048-B898-8A5164757556}.AppStore|ARM.ActiveCfg = Release|Any CPU
		{3B69B4D1-12C2-4048-B898-8A5164757556}.AppStore|ARM.Build.0 = Release|Any CPU
		{3B69B4D1-12C2-4048-B898-8A5164757556}.AppStore|iPhone.ActiveCfg = Release|Any CPU
		{3B69B4D1-12C2-4048-B898-8A5164757556}.AppStore|iPhone.Build.0 = Release|Any CPU
		{3B69B4D1-12C2-4048-B898-8A5164757556}.AppStore|iPhoneSimulator.ActiveCfg = Release|Any CPU
		{3B69B4D1-12C2-4048-B898-8A5164757556}.AppStore|iPhoneSimulator.Build.0 = Release|Any CPU
		{3B69B4D1-12C2-4048-B898-8A5164757556}.AppStore|x64.ActiveCfg = Release|Any CPU
		{3B69B4D1-12C2-4048-B898-8A5164757556}.AppStore|x64.Build.0 = Release|Any CPU
		{3B69B4D1-12C2-4048-B898-8A5164757556}.AppStore|x86.ActiveCfg = Release|Any CPU
		{3B69B4D1-12C2-4048-B898-8A5164757556}.AppStore|x86.Build.0 = Release|Any CPU
		{3B69B4D1-12C2-4048-B898-8A5164757556}.Debug|Any CPU.ActiveCfg = Debug|Any CPU
		{3B69B4D1-12C2-4048-B898-8A5164757556}.Debug|Any CPU.Build.0 = Debug|Any CPU
		{3B69B4D1-12C2-4048-B898-8A5164757556}.Debug|ARM.ActiveCfg = Debug|Any CPU
		{3B69B4D1-12C2-4048-B898-8A5164757556}.Debug|ARM.Build.0 = Debug|Any CPU
		{3B69B4D1-12C2-4048-B898-8A5164757556}.Debug|iPhone.ActiveCfg = Debug|Any CPU
		{3B69B4D1-12C2-4048-B898-8A5164757556}.Debug|iPhone.Build.0 = Debug|Any CPU
		{3B69B4D1-12C2-4048-B898-8A5164757556}.Debug|iPhoneSimulator.ActiveCfg = Debug|Any CPU
		{3B69B4D1-12C2-4048-B898-8A5164757556}.Debug|iPhoneSimulator.Build.0 = Debug|Any CPU
		{3B69B4D1-12C2-4048-B898-8A5164757556}.Debug|x64.ActiveCfg = Debug|Any CPU
		{3B69B4D1-12C2-4048-B898-8A5164757556}.Debug|x64.Build.0 = Debug|Any CPU
		{3B69B4D1-12C2-4048-B898-8A5164757556}.Debug|x86.ActiveCfg = Debug|Any CPU
		{3B69B4D1-12C2-4048-B898-8A5164757556}.Debug|x86.Build.0 = Debug|Any CPU
		{3B69B4D1-12C2-4048-B898-8A5164757556}.Release|Any CPU.ActiveCfg = Release|Any CPU
		{3B69B4D1-12C2-4048-B898-8A5164757556}.Release|Any CPU.Build.0 = Release|Any CPU
		{3B69B4D1-12C2-4048-B898-8A5164757556}.Release|ARM.ActiveCfg = Release|Any CPU
		{3B69B4D1-12C2-4048-B898-8A5164757556}.Release|ARM.Build.0 = Release|Any CPU
		{3B69B4D1-12C2-4048-B898-8A5164757556}.Release|iPhone.ActiveCfg = Release|Any CPU
		{3B69B4D1-12C2-4048-B898-8A5164757556}.Release|iPhone.Build.0 = Release|Any CPU
		{3B69B4D1-12C2-4048-B898-8A5164757556}.Release|iPhoneSimulator.ActiveCfg = Release|Any CPU
		{3B69B4D1-12C2-4048-B898-8A5164757556}.Release|iPhoneSimulator.Build.0 = Release|Any CPU
		{3B69B4D1-12C2-4048-B898-8A5164757556}.Release|x64.ActiveCfg = Release|Any CPU
		{3B69B4D1-12C2-4048-B898-8A5164757556}.Release|x64.Build.0 = Release|Any CPU
		{3B69B4D1-12C2-4048-B898-8A5164757556}.Release|x86.ActiveCfg = Release|Any CPU
		{3B69B4D1-12C2-4048-B898-8A5164757556}.Release|x86.Build.0 = Release|Any CPU
		{D787BE9D-F6C6-4E60-8B98-419B8C994F0C}.Ad-Hoc|Any CPU.ActiveCfg = Release|x64
		{D787BE9D-F6C6-4E60-8B98-419B8C994F0C}.Ad-Hoc|Any CPU.Build.0 = Release|x64
		{D787BE9D-F6C6-4E60-8B98-419B8C994F0C}.Ad-Hoc|Any CPU.Deploy.0 = Release|x64
		{D787BE9D-F6C6-4E60-8B98-419B8C994F0C}.Ad-Hoc|ARM.ActiveCfg = Release|ARM
		{D787BE9D-F6C6-4E60-8B98-419B8C994F0C}.Ad-Hoc|ARM.Build.0 = Release|ARM
		{D787BE9D-F6C6-4E60-8B98-419B8C994F0C}.Ad-Hoc|ARM.Deploy.0 = Release|ARM
		{D787BE9D-F6C6-4E60-8B98-419B8C994F0C}.Ad-Hoc|iPhone.ActiveCfg = Release|x64
		{D787BE9D-F6C6-4E60-8B98-419B8C994F0C}.Ad-Hoc|iPhone.Build.0 = Release|x64
		{D787BE9D-F6C6-4E60-8B98-419B8C994F0C}.Ad-Hoc|iPhone.Deploy.0 = Release|x64
		{D787BE9D-F6C6-4E60-8B98-419B8C994F0C}.Ad-Hoc|iPhoneSimulator.ActiveCfg = Release|x64
		{D787BE9D-F6C6-4E60-8B98-419B8C994F0C}.Ad-Hoc|iPhoneSimulator.Build.0 = Release|x64
		{D787BE9D-F6C6-4E60-8B98-419B8C994F0C}.Ad-Hoc|iPhoneSimulator.Deploy.0 = Release|x64
		{D787BE9D-F6C6-4E60-8B98-419B8C994F0C}.Ad-Hoc|x64.ActiveCfg = Release|x64
		{D787BE9D-F6C6-4E60-8B98-419B8C994F0C}.Ad-Hoc|x64.Build.0 = Release|x64
		{D787BE9D-F6C6-4E60-8B98-419B8C994F0C}.Ad-Hoc|x64.Deploy.0 = Release|x64
		{D787BE9D-F6C6-4E60-8B98-419B8C994F0C}.Ad-Hoc|x86.ActiveCfg = Release|x86
		{D787BE9D-F6C6-4E60-8B98-419B8C994F0C}.Ad-Hoc|x86.Build.0 = Release|x86
		{D787BE9D-F6C6-4E60-8B98-419B8C994F0C}.Ad-Hoc|x86.Deploy.0 = Release|x86
		{D787BE9D-F6C6-4E60-8B98-419B8C994F0C}.AppStore|Any CPU.ActiveCfg = Release|x64
		{D787BE9D-F6C6-4E60-8B98-419B8C994F0C}.AppStore|Any CPU.Build.0 = Release|x64
		{D787BE9D-F6C6-4E60-8B98-419B8C994F0C}.AppStore|Any CPU.Deploy.0 = Release|x64
		{D787BE9D-F6C6-4E60-8B98-419B8C994F0C}.AppStore|ARM.ActiveCfg = Release|ARM
		{D787BE9D-F6C6-4E60-8B98-419B8C994F0C}.AppStore|ARM.Build.0 = Release|ARM
		{D787BE9D-F6C6-4E60-8B98-419B8C994F0C}.AppStore|ARM.Deploy.0 = Release|ARM
		{D787BE9D-F6C6-4E60-8B98-419B8C994F0C}.AppStore|iPhone.ActiveCfg = Release|x64
		{D787BE9D-F6C6-4E60-8B98-419B8C994F0C}.AppStore|iPhone.Build.0 = Release|x64
		{D787BE9D-F6C6-4E60-8B98-419B8C994F0C}.AppStore|iPhone.Deploy.0 = Release|x64
		{D787BE9D-F6C6-4E60-8B98-419B8C994F0C}.AppStore|iPhoneSimulator.ActiveCfg = Release|x64
		{D787BE9D-F6C6-4E60-8B98-419B8C994F0C}.AppStore|iPhoneSimulator.Build.0 = Release|x64
		{D787BE9D-F6C6-4E60-8B98-419B8C994F0C}.AppStore|iPhoneSimulator.Deploy.0 = Release|x64
		{D787BE9D-F6C6-4E60-8B98-419B8C994F0C}.AppStore|x64.ActiveCfg = Release|x64
		{D787BE9D-F6C6-4E60-8B98-419B8C994F0C}.AppStore|x64.Build.0 = Release|x64
		{D787BE9D-F6C6-4E60-8B98-419B8C994F0C}.AppStore|x64.Deploy.0 = Release|x64
		{D787BE9D-F6C6-4E60-8B98-419B8C994F0C}.AppStore|x86.ActiveCfg = Release|x86
		{D787BE9D-F6C6-4E60-8B98-419B8C994F0C}.AppStore|x86.Build.0 = Release|x86
		{D787BE9D-F6C6-4E60-8B98-419B8C994F0C}.AppStore|x86.Deploy.0 = Release|x86
		{D787BE9D-F6C6-4E60-8B98-419B8C994F0C}.Debug|Any CPU.ActiveCfg = Debug|x86
		{D787BE9D-F6C6-4E60-8B98-419B8C994F0C}.Debug|ARM.ActiveCfg = Debug|ARM
		{D787BE9D-F6C6-4E60-8B98-419B8C994F0C}.Debug|ARM.Build.0 = Debug|ARM
		{D787BE9D-F6C6-4E60-8B98-419B8C994F0C}.Debug|ARM.Deploy.0 = Debug|ARM
		{D787BE9D-F6C6-4E60-8B98-419B8C994F0C}.Debug|iPhone.ActiveCfg = Debug|x86
		{D787BE9D-F6C6-4E60-8B98-419B8C994F0C}.Debug|iPhoneSimulator.ActiveCfg = Debug|x86
		{D787BE9D-F6C6-4E60-8B98-419B8C994F0C}.Debug|x64.ActiveCfg = Debug|x64
		{D787BE9D-F6C6-4E60-8B98-419B8C994F0C}.Debug|x64.Build.0 = Debug|x64
		{D787BE9D-F6C6-4E60-8B98-419B8C994F0C}.Debug|x64.Deploy.0 = Debug|x64
		{D787BE9D-F6C6-4E60-8B98-419B8C994F0C}.Debug|x86.ActiveCfg = Debug|x86
		{D787BE9D-F6C6-4E60-8B98-419B8C994F0C}.Debug|x86.Build.0 = Debug|x86
		{D787BE9D-F6C6-4E60-8B98-419B8C994F0C}.Debug|x86.Deploy.0 = Debug|x86
		{D787BE9D-F6C6-4E60-8B98-419B8C994F0C}.Release|Any CPU.ActiveCfg = Release|x86
		{D787BE9D-F6C6-4E60-8B98-419B8C994F0C}.Release|ARM.ActiveCfg = Release|ARM
		{D787BE9D-F6C6-4E60-8B98-419B8C994F0C}.Release|ARM.Build.0 = Release|ARM
		{D787BE9D-F6C6-4E60-8B98-419B8C994F0C}.Release|ARM.Deploy.0 = Release|ARM
		{D787BE9D-F6C6-4E60-8B98-419B8C994F0C}.Release|iPhone.ActiveCfg = Release|x86
		{D787BE9D-F6C6-4E60-8B98-419B8C994F0C}.Release|iPhoneSimulator.ActiveCfg = Release|x86
		{D787BE9D-F6C6-4E60-8B98-419B8C994F0C}.Release|x64.ActiveCfg = Release|x64
		{D787BE9D-F6C6-4E60-8B98-419B8C994F0C}.Release|x64.Build.0 = Release|x64
		{D787BE9D-F6C6-4E60-8B98-419B8C994F0C}.Release|x64.Deploy.0 = Release|x64
		{D787BE9D-F6C6-4E60-8B98-419B8C994F0C}.Release|x86.ActiveCfg = Release|x86
		{D787BE9D-F6C6-4E60-8B98-419B8C994F0C}.Release|x86.Build.0 = Release|x86
		{D787BE9D-F6C6-4E60-8B98-419B8C994F0C}.Release|x86.Deploy.0 = Release|x86
		{B80795F2-B8C9-4B4D-9DA0-34F285B310BB}.Ad-Hoc|Any CPU.ActiveCfg = Release|Any CPU
		{B80795F2-B8C9-4B4D-9DA0-34F285B310BB}.Ad-Hoc|Any CPU.Build.0 = Release|Any CPU
		{B80795F2-B8C9-4B4D-9DA0-34F285B310BB}.Ad-Hoc|Any CPU.Deploy.0 = Release|Any CPU
		{B80795F2-B8C9-4B4D-9DA0-34F285B310BB}.Ad-Hoc|ARM.ActiveCfg = Release|Any CPU
		{B80795F2-B8C9-4B4D-9DA0-34F285B310BB}.Ad-Hoc|ARM.Build.0 = Release|Any CPU
		{B80795F2-B8C9-4B4D-9DA0-34F285B310BB}.Ad-Hoc|ARM.Deploy.0 = Release|Any CPU
		{B80795F2-B8C9-4B4D-9DA0-34F285B310BB}.Ad-Hoc|iPhone.ActiveCfg = Release|Any CPU
		{B80795F2-B8C9-4B4D-9DA0-34F285B310BB}.Ad-Hoc|iPhone.Build.0 = Release|Any CPU
		{B80795F2-B8C9-4B4D-9DA0-34F285B310BB}.Ad-Hoc|iPhone.Deploy.0 = Release|Any CPU
		{B80795F2-B8C9-4B4D-9DA0-34F285B310BB}.Ad-Hoc|iPhoneSimulator.ActiveCfg = Release|Any CPU
		{B80795F2-B8C9-4B4D-9DA0-34F285B310BB}.Ad-Hoc|iPhoneSimulator.Build.0 = Release|Any CPU
		{B80795F2-B8C9-4B4D-9DA0-34F285B310BB}.Ad-Hoc|iPhoneSimulator.Deploy.0 = Release|Any CPU
		{B80795F2-B8C9-4B4D-9DA0-34F285B310BB}.Ad-Hoc|x64.ActiveCfg = Release|Any CPU
		{B80795F2-B8C9-4B4D-9DA0-34F285B310BB}.Ad-Hoc|x64.Build.0 = Release|Any CPU
		{B80795F2-B8C9-4B4D-9DA0-34F285B310BB}.Ad-Hoc|x64.Deploy.0 = Release|Any CPU
		{B80795F2-B8C9-4B4D-9DA0-34F285B310BB}.Ad-Hoc|x86.ActiveCfg = Release|Any CPU
		{B80795F2-B8C9-4B4D-9DA0-34F285B310BB}.Ad-Hoc|x86.Build.0 = Release|Any CPU
		{B80795F2-B8C9-4B4D-9DA0-34F285B310BB}.Ad-Hoc|x86.Deploy.0 = Release|Any CPU
		{B80795F2-B8C9-4B4D-9DA0-34F285B310BB}.AppStore|Any CPU.ActiveCfg = Release|Any CPU
		{B80795F2-B8C9-4B4D-9DA0-34F285B310BB}.AppStore|Any CPU.Build.0 = Release|Any CPU
		{B80795F2-B8C9-4B4D-9DA0-34F285B310BB}.AppStore|Any CPU.Deploy.0 = Release|Any CPU
		{B80795F2-B8C9-4B4D-9DA0-34F285B310BB}.AppStore|ARM.ActiveCfg = Release|Any CPU
		{B80795F2-B8C9-4B4D-9DA0-34F285B310BB}.AppStore|ARM.Build.0 = Release|Any CPU
		{B80795F2-B8C9-4B4D-9DA0-34F285B310BB}.AppStore|ARM.Deploy.0 = Release|Any CPU
		{B80795F2-B8C9-4B4D-9DA0-34F285B310BB}.AppStore|iPhone.ActiveCfg = Release|Any CPU
		{B80795F2-B8C9-4B4D-9DA0-34F285B310BB}.AppStore|iPhone.Build.0 = Release|Any CPU
		{B80795F2-B8C9-4B4D-9DA0-34F285B310BB}.AppStore|iPhone.Deploy.0 = Release|Any CPU
		{B80795F2-B8C9-4B4D-9DA0-34F285B310BB}.AppStore|iPhoneSimulator.ActiveCfg = Release|Any CPU
		{B80795F2-B8C9-4B4D-9DA0-34F285B310BB}.AppStore|iPhoneSimulator.Build.0 = Release|Any CPU
		{B80795F2-B8C9-4B4D-9DA0-34F285B310BB}.AppStore|iPhoneSimulator.Deploy.0 = Release|Any CPU
		{B80795F2-B8C9-4B4D-9DA0-34F285B310BB}.AppStore|x64.ActiveCfg = Release|Any CPU
		{B80795F2-B8C9-4B4D-9DA0-34F285B310BB}.AppStore|x64.Build.0 = Release|Any CPU
		{B80795F2-B8C9-4B4D-9DA0-34F285B310BB}.AppStore|x64.Deploy.0 = Release|Any CPU
		{B80795F2-B8C9-4B4D-9DA0-34F285B310BB}.AppStore|x86.ActiveCfg = Release|Any CPU
		{B80795F2-B8C9-4B4D-9DA0-34F285B310BB}.AppStore|x86.Build.0 = Release|Any CPU
		{B80795F2-B8C9-4B4D-9DA0-34F285B310BB}.AppStore|x86.Deploy.0 = Release|Any CPU
		{B80795F2-B8C9-4B4D-9DA0-34F285B310BB}.Debug|Any CPU.ActiveCfg = Debug|Any CPU
		{B80795F2-B8C9-4B4D-9DA0-34F285B310BB}.Debug|Any CPU.Build.0 = Debug|Any CPU
		{B80795F2-B8C9-4B4D-9DA0-34F285B310BB}.Debug|Any CPU.Deploy.0 = Debug|Any CPU
		{B80795F2-B8C9-4B4D-9DA0-34F285B310BB}.Debug|ARM.ActiveCfg = Debug|Any CPU
		{B80795F2-B8C9-4B4D-9DA0-34F285B310BB}.Debug|ARM.Build.0 = Debug|Any CPU
		{B80795F2-B8C9-4B4D-9DA0-34F285B310BB}.Debug|ARM.Deploy.0 = Debug|Any CPU
		{B80795F2-B8C9-4B4D-9DA0-34F285B310BB}.Debug|iPhone.ActiveCfg = Debug|Any CPU
		{B80795F2-B8C9-4B4D-9DA0-34F285B310BB}.Debug|iPhone.Build.0 = Debug|Any CPU
		{B80795F2-B8C9-4B4D-9DA0-34F285B310BB}.Debug|iPhone.Deploy.0 = Debug|Any CPU
		{B80795F2-B8C9-4B4D-9DA0-34F285B310BB}.Debug|iPhoneSimulator.ActiveCfg = Debug|Any CPU
		{B80795F2-B8C9-4B4D-9DA0-34F285B310BB}.Debug|iPhoneSimulator.Build.0 = Debug|Any CPU
		{B80795F2-B8C9-4B4D-9DA0-34F285B310BB}.Debug|iPhoneSimulator.Deploy.0 = Debug|Any CPU
		{B80795F2-B8C9-4B4D-9DA0-34F285B310BB}.Debug|x64.ActiveCfg = Debug|Any CPU
		{B80795F2-B8C9-4B4D-9DA0-34F285B310BB}.Debug|x64.Build.0 = Debug|Any CPU
		{B80795F2-B8C9-4B4D-9DA0-34F285B310BB}.Debug|x64.Deploy.0 = Debug|Any CPU
		{B80795F2-B8C9-4B4D-9DA0-34F285B310BB}.Debug|x86.ActiveCfg = Debug|Any CPU
		{B80795F2-B8C9-4B4D-9DA0-34F285B310BB}.Debug|x86.Build.0 = Debug|Any CPU
		{B80795F2-B8C9-4B4D-9DA0-34F285B310BB}.Debug|x86.Deploy.0 = Debug|Any CPU
		{B80795F2-B8C9-4B4D-9DA0-34F285B310BB}.Release|Any CPU.ActiveCfg = Release|Any CPU
		{B80795F2-B8C9-4B4D-9DA0-34F285B310BB}.Release|Any CPU.Build.0 = Release|Any CPU
		{B80795F2-B8C9-4B4D-9DA0-34F285B310BB}.Release|Any CPU.Deploy.0 = Release|Any CPU
		{B80795F2-B8C9-4B4D-9DA0-34F285B310BB}.Release|ARM.ActiveCfg = Release|Any CPU
		{B80795F2-B8C9-4B4D-9DA0-34F285B310BB}.Release|ARM.Build.0 = Release|Any CPU
		{B80795F2-B8C9-4B4D-9DA0-34F285B310BB}.Release|ARM.Deploy.0 = Release|Any CPU
		{B80795F2-B8C9-4B4D-9DA0-34F285B310BB}.Release|iPhone.ActiveCfg = Release|Any CPU
		{B80795F2-B8C9-4B4D-9DA0-34F285B310BB}.Release|iPhone.Build.0 = Release|Any CPU
		{B80795F2-B8C9-4B4D-9DA0-34F285B310BB}.Release|iPhone.Deploy.0 = Release|Any CPU
		{B80795F2-B8C9-4B4D-9DA0-34F285B310BB}.Release|iPhoneSimulator.ActiveCfg = Release|Any CPU
		{B80795F2-B8C9-4B4D-9DA0-34F285B310BB}.Release|iPhoneSimulator.Build.0 = Release|Any CPU
		{B80795F2-B8C9-4B4D-9DA0-34F285B310BB}.Release|iPhoneSimulator.Deploy.0 = Release|Any CPU
		{B80795F2-B8C9-4B4D-9DA0-34F285B310BB}.Release|x64.ActiveCfg = Release|Any CPU
		{B80795F2-B8C9-4B4D-9DA0-34F285B310BB}.Release|x64.Build.0 = Release|Any CPU
		{B80795F2-B8C9-4B4D-9DA0-34F285B310BB}.Release|x64.Deploy.0 = Release|Any CPU
		{B80795F2-B8C9-4B4D-9DA0-34F285B310BB}.Release|x86.ActiveCfg = Release|Any CPU
		{B80795F2-B8C9-4B4D-9DA0-34F285B310BB}.Release|x86.Build.0 = Release|Any CPU
		{B80795F2-B8C9-4B4D-9DA0-34F285B310BB}.Release|x86.Deploy.0 = Release|Any CPU
		{ADBA9F73-D610-484D-B8D7-74449C94E60E}.Ad-Hoc|Any CPU.ActiveCfg = Ad-Hoc|iPhone
		{ADBA9F73-D610-484D-B8D7-74449C94E60E}.Ad-Hoc|ARM.ActiveCfg = Ad-Hoc|iPhone
		{ADBA9F73-D610-484D-B8D7-74449C94E60E}.Ad-Hoc|iPhone.ActiveCfg = Ad-Hoc|iPhone
		{ADBA9F73-D610-484D-B8D7-74449C94E60E}.Ad-Hoc|iPhone.Build.0 = Ad-Hoc|iPhone
		{ADBA9F73-D610-484D-B8D7-74449C94E60E}.Ad-Hoc|iPhoneSimulator.ActiveCfg = Ad-Hoc|iPhoneSimulator
		{ADBA9F73-D610-484D-B8D7-74449C94E60E}.Ad-Hoc|iPhoneSimulator.Build.0 = Ad-Hoc|iPhoneSimulator
		{ADBA9F73-D610-484D-B8D7-74449C94E60E}.Ad-Hoc|x64.ActiveCfg = Ad-Hoc|iPhone
		{ADBA9F73-D610-484D-B8D7-74449C94E60E}.Ad-Hoc|x86.ActiveCfg = Ad-Hoc|iPhone
		{ADBA9F73-D610-484D-B8D7-74449C94E60E}.AppStore|Any CPU.ActiveCfg = AppStore|iPhone
		{ADBA9F73-D610-484D-B8D7-74449C94E60E}.AppStore|ARM.ActiveCfg = AppStore|iPhone
		{ADBA9F73-D610-484D-B8D7-74449C94E60E}.AppStore|iPhone.ActiveCfg = AppStore|iPhone
		{ADBA9F73-D610-484D-B8D7-74449C94E60E}.AppStore|iPhone.Build.0 = AppStore|iPhone
		{ADBA9F73-D610-484D-B8D7-74449C94E60E}.AppStore|iPhoneSimulator.ActiveCfg = AppStore|iPhoneSimulator
		{ADBA9F73-D610-484D-B8D7-74449C94E60E}.AppStore|iPhoneSimulator.Build.0 = AppStore|iPhoneSimulator
		{ADBA9F73-D610-484D-B8D7-74449C94E60E}.AppStore|x64.ActiveCfg = AppStore|iPhone
		{ADBA9F73-D610-484D-B8D7-74449C94E60E}.AppStore|x86.ActiveCfg = AppStore|iPhone
		{ADBA9F73-D610-484D-B8D7-74449C94E60E}.Debug|Any CPU.ActiveCfg = Debug|iPhone
		{ADBA9F73-D610-484D-B8D7-74449C94E60E}.Debug|ARM.ActiveCfg = Debug|iPhone
		{ADBA9F73-D610-484D-B8D7-74449C94E60E}.Debug|iPhone.ActiveCfg = Debug|iPhone
		{ADBA9F73-D610-484D-B8D7-74449C94E60E}.Debug|iPhone.Build.0 = Debug|iPhone
		{ADBA9F73-D610-484D-B8D7-74449C94E60E}.Debug|iPhoneSimulator.ActiveCfg = Debug|iPhoneSimulator
		{ADBA9F73-D610-484D-B8D7-74449C94E60E}.Debug|iPhoneSimulator.Build.0 = Debug|iPhoneSimulator
		{ADBA9F73-D610-484D-B8D7-74449C94E60E}.Debug|x64.ActiveCfg = Debug|iPhone
		{ADBA9F73-D610-484D-B8D7-74449C94E60E}.Debug|x86.ActiveCfg = Debug|iPhone
		{ADBA9F73-D610-484D-B8D7-74449C94E60E}.Release|Any CPU.ActiveCfg = Release|iPhone
		{ADBA9F73-D610-484D-B8D7-74449C94E60E}.Release|ARM.ActiveCfg = Release|iPhone
		{ADBA9F73-D610-484D-B8D7-74449C94E60E}.Release|iPhone.ActiveCfg = Release|iPhone
		{ADBA9F73-D610-484D-B8D7-74449C94E60E}.Release|iPhone.Build.0 = Release|iPhone
		{ADBA9F73-D610-484D-B8D7-74449C94E60E}.Release|iPhoneSimulator.ActiveCfg = Release|iPhoneSimulator
		{ADBA9F73-D610-484D-B8D7-74449C94E60E}.Release|iPhoneSimulator.Build.0 = Release|iPhoneSimulator
		{ADBA9F73-D610-484D-B8D7-74449C94E60E}.Release|x64.ActiveCfg = Release|iPhone
		{ADBA9F73-D610-484D-B8D7-74449C94E60E}.Release|x86.ActiveCfg = Release|iPhone
		{43164BA4-1966-4A16-8FE1-0879237ECE4F}.Ad-Hoc|Any CPU.ActiveCfg = Release|Any CPU
		{43164BA4-1966-4A16-8FE1-0879237ECE4F}.Ad-Hoc|Any CPU.Build.0 = Release|Any CPU
		{43164BA4-1966-4A16-8FE1-0879237ECE4F}.Ad-Hoc|ARM.ActiveCfg = Release|ARM
		{43164BA4-1966-4A16-8FE1-0879237ECE4F}.Ad-Hoc|ARM.Build.0 = Release|ARM
		{43164BA4-1966-4A16-8FE1-0879237ECE4F}.Ad-Hoc|iPhone.ActiveCfg = Release|Any CPU
		{43164BA4-1966-4A16-8FE1-0879237ECE4F}.Ad-Hoc|iPhone.Build.0 = Release|Any CPU
		{43164BA4-1966-4A16-8FE1-0879237ECE4F}.Ad-Hoc|iPhoneSimulator.ActiveCfg = Release|Any CPU
		{43164BA4-1966-4A16-8FE1-0879237ECE4F}.Ad-Hoc|iPhoneSimulator.Build.0 = Release|Any CPU
		{43164BA4-1966-4A16-8FE1-0879237ECE4F}.Ad-Hoc|x64.ActiveCfg = Release|x64
		{43164BA4-1966-4A16-8FE1-0879237ECE4F}.Ad-Hoc|x64.Build.0 = Release|x64
		{43164BA4-1966-4A16-8FE1-0879237ECE4F}.Ad-Hoc|x86.ActiveCfg = Release|x86
		{43164BA4-1966-4A16-8FE1-0879237ECE4F}.Ad-Hoc|x86.Build.0 = Release|x86
		{43164BA4-1966-4A16-8FE1-0879237ECE4F}.AppStore|Any CPU.ActiveCfg = Release|Any CPU
		{43164BA4-1966-4A16-8FE1-0879237ECE4F}.AppStore|Any CPU.Build.0 = Release|Any CPU
		{43164BA4-1966-4A16-8FE1-0879237ECE4F}.AppStore|ARM.ActiveCfg = Release|ARM
		{43164BA4-1966-4A16-8FE1-0879237ECE4F}.AppStore|ARM.Build.0 = Release|ARM
		{43164BA4-1966-4A16-8FE1-0879237ECE4F}.AppStore|iPhone.ActiveCfg = Release|Any CPU
		{43164BA4-1966-4A16-8FE1-0879237ECE4F}.AppStore|iPhone.Build.0 = Release|Any CPU
		{43164BA4-1966-4A16-8FE1-0879237ECE4F}.AppStore|iPhoneSimulator.ActiveCfg = Release|Any CPU
		{43164BA4-1966-4A16-8FE1-0879237ECE4F}.AppStore|iPhoneSimulator.Build.0 = Release|Any CPU
		{43164BA4-1966-4A16-8FE1-0879237ECE4F}.AppStore|x64.ActiveCfg = Release|x64
		{43164BA4-1966-4A16-8FE1-0879237ECE4F}.AppStore|x64.Build.0 = Release|x64
		{43164BA4-1966-4A16-8FE1-0879237ECE4F}.AppStore|x86.ActiveCfg = Release|x86
		{43164BA4-1966-4A16-8FE1-0879237ECE4F}.AppStore|x86.Build.0 = Release|x86
		{43164BA4-1966-4A16-8FE1-0879237ECE4F}.Debug|Any CPU.ActiveCfg = Debug|Any CPU
		{43164BA4-1966-4A16-8FE1-0879237ECE4F}.Debug|Any CPU.Build.0 = Debug|Any CPU
		{43164BA4-1966-4A16-8FE1-0879237ECE4F}.Debug|ARM.ActiveCfg = Debug|ARM
		{43164BA4-1966-4A16-8FE1-0879237ECE4F}.Debug|ARM.Build.0 = Debug|ARM
		{43164BA4-1966-4A16-8FE1-0879237ECE4F}.Debug|iPhone.ActiveCfg = Debug|Any CPU
		{43164BA4-1966-4A16-8FE1-0879237ECE4F}.Debug|iPhone.Build.0 = Debug|Any CPU
		{43164BA4-1966-4A16-8FE1-0879237ECE4F}.Debug|iPhoneSimulator.ActiveCfg = Debug|Any CPU
		{43164BA4-1966-4A16-8FE1-0879237ECE4F}.Debug|iPhoneSimulator.Build.0 = Debug|Any CPU
		{43164BA4-1966-4A16-8FE1-0879237ECE4F}.Debug|x64.ActiveCfg = Debug|x64
		{43164BA4-1966-4A16-8FE1-0879237ECE4F}.Debug|x64.Build.0 = Debug|x64
		{43164BA4-1966-4A16-8FE1-0879237ECE4F}.Debug|x86.ActiveCfg = Debug|x86
		{43164BA4-1966-4A16-8FE1-0879237ECE4F}.Debug|x86.Build.0 = Debug|x86
		{43164BA4-1966-4A16-8FE1-0879237ECE4F}.Release|Any CPU.ActiveCfg = Release|Any CPU
		{43164BA4-1966-4A16-8FE1-0879237ECE4F}.Release|Any CPU.Build.0 = Release|Any CPU
		{43164BA4-1966-4A16-8FE1-0879237ECE4F}.Release|ARM.ActiveCfg = Release|ARM
		{43164BA4-1966-4A16-8FE1-0879237ECE4F}.Release|ARM.Build.0 = Release|ARM
		{43164BA4-1966-4A16-8FE1-0879237ECE4F}.Release|iPhone.ActiveCfg = Release|Any CPU
		{43164BA4-1966-4A16-8FE1-0879237ECE4F}.Release|iPhone.Build.0 = Release|Any CPU
		{43164BA4-1966-4A16-8FE1-0879237ECE4F}.Release|iPhoneSimulator.ActiveCfg = Release|Any CPU
		{43164BA4-1966-4A16-8FE1-0879237ECE4F}.Release|iPhoneSimulator.Build.0 = Release|Any CPU
		{43164BA4-1966-4A16-8FE1-0879237ECE4F}.Release|x64.ActiveCfg = Release|x64
		{43164BA4-1966-4A16-8FE1-0879237ECE4F}.Release|x64.Build.0 = Release|x64
		{43164BA4-1966-4A16-8FE1-0879237ECE4F}.Release|x86.ActiveCfg = Release|x86
		{43164BA4-1966-4A16-8FE1-0879237ECE4F}.Release|x86.Build.0 = Release|x86
		{AA879603-53F7-4928-9918-F3F7A05A5993}.Ad-Hoc|Any CPU.ActiveCfg = Release|Any CPU
		{AA879603-53F7-4928-9918-F3F7A05A5993}.Ad-Hoc|Any CPU.Build.0 = Release|Any CPU
		{AA879603-53F7-4928-9918-F3F7A05A5993}.Ad-Hoc|ARM.ActiveCfg = Release|ARM
		{AA879603-53F7-4928-9918-F3F7A05A5993}.Ad-Hoc|ARM.Build.0 = Release|ARM
		{AA879603-53F7-4928-9918-F3F7A05A5993}.Ad-Hoc|iPhone.ActiveCfg = Release|Any CPU
		{AA879603-53F7-4928-9918-F3F7A05A5993}.Ad-Hoc|iPhone.Build.0 = Release|Any CPU
		{AA879603-53F7-4928-9918-F3F7A05A5993}.Ad-Hoc|iPhoneSimulator.ActiveCfg = Release|Any CPU
		{AA879603-53F7-4928-9918-F3F7A05A5993}.Ad-Hoc|iPhoneSimulator.Build.0 = Release|Any CPU
		{AA879603-53F7-4928-9918-F3F7A05A5993}.Ad-Hoc|x64.ActiveCfg = Release|x64
		{AA879603-53F7-4928-9918-F3F7A05A5993}.Ad-Hoc|x64.Build.0 = Release|x64
		{AA879603-53F7-4928-9918-F3F7A05A5993}.Ad-Hoc|x86.ActiveCfg = Release|x86
		{AA879603-53F7-4928-9918-F3F7A05A5993}.Ad-Hoc|x86.Build.0 = Release|x86
		{AA879603-53F7-4928-9918-F3F7A05A5993}.AppStore|Any CPU.ActiveCfg = Release|Any CPU
		{AA879603-53F7-4928-9918-F3F7A05A5993}.AppStore|Any CPU.Build.0 = Release|Any CPU
		{AA879603-53F7-4928-9918-F3F7A05A5993}.AppStore|ARM.ActiveCfg = Release|ARM
		{AA879603-53F7-4928-9918-F3F7A05A5993}.AppStore|ARM.Build.0 = Release|ARM
		{AA879603-53F7-4928-9918-F3F7A05A5993}.AppStore|iPhone.ActiveCfg = Release|Any CPU
		{AA879603-53F7-4928-9918-F3F7A05A5993}.AppStore|iPhone.Build.0 = Release|Any CPU
		{AA879603-53F7-4928-9918-F3F7A05A5993}.AppStore|iPhoneSimulator.ActiveCfg = Release|Any CPU
		{AA879603-53F7-4928-9918-F3F7A05A5993}.AppStore|iPhoneSimulator.Build.0 = Release|Any CPU
		{AA879603-53F7-4928-9918-F3F7A05A5993}.AppStore|x64.ActiveCfg = Release|x64
		{AA879603-53F7-4928-9918-F3F7A05A5993}.AppStore|x64.Build.0 = Release|x64
		{AA879603-53F7-4928-9918-F3F7A05A5993}.AppStore|x86.ActiveCfg = Release|x86
		{AA879603-53F7-4928-9918-F3F7A05A5993}.AppStore|x86.Build.0 = Release|x86
		{AA879603-53F7-4928-9918-F3F7A05A5993}.Debug|Any CPU.ActiveCfg = Debug|Any CPU
		{AA879603-53F7-4928-9918-F3F7A05A5993}.Debug|Any CPU.Build.0 = Debug|Any CPU
		{AA879603-53F7-4928-9918-F3F7A05A5993}.Debug|ARM.ActiveCfg = Debug|ARM
		{AA879603-53F7-4928-9918-F3F7A05A5993}.Debug|ARM.Build.0 = Debug|ARM
		{AA879603-53F7-4928-9918-F3F7A05A5993}.Debug|iPhone.ActiveCfg = Debug|Any CPU
		{AA879603-53F7-4928-9918-F3F7A05A5993}.Debug|iPhone.Build.0 = Debug|Any CPU
		{AA879603-53F7-4928-9918-F3F7A05A5993}.Debug|iPhoneSimulator.ActiveCfg = Debug|Any CPU
		{AA879603-53F7-4928-9918-F3F7A05A5993}.Debug|iPhoneSimulator.Build.0 = Debug|Any CPU
		{AA879603-53F7-4928-9918-F3F7A05A5993}.Debug|x64.ActiveCfg = Debug|x64
		{AA879603-53F7-4928-9918-F3F7A05A5993}.Debug|x64.Build.0 = Debug|x64
		{AA879603-53F7-4928-9918-F3F7A05A5993}.Debug|x86.ActiveCfg = Debug|x86
		{AA879603-53F7-4928-9918-F3F7A05A5993}.Debug|x86.Build.0 = Debug|x86
		{AA879603-53F7-4928-9918-F3F7A05A5993}.Release|Any CPU.ActiveCfg = Release|Any CPU
		{AA879603-53F7-4928-9918-F3F7A05A5993}.Release|Any CPU.Build.0 = Release|Any CPU
		{AA879603-53F7-4928-9918-F3F7A05A5993}.Release|ARM.ActiveCfg = Release|ARM
		{AA879603-53F7-4928-9918-F3F7A05A5993}.Release|ARM.Build.0 = Release|ARM
		{AA879603-53F7-4928-9918-F3F7A05A5993}.Release|iPhone.ActiveCfg = Release|Any CPU
		{AA879603-53F7-4928-9918-F3F7A05A5993}.Release|iPhone.Build.0 = Release|Any CPU
		{AA879603-53F7-4928-9918-F3F7A05A5993}.Release|iPhoneSimulator.ActiveCfg = Release|Any CPU
		{AA879603-53F7-4928-9918-F3F7A05A5993}.Release|iPhoneSimulator.Build.0 = Release|Any CPU
		{AA879603-53F7-4928-9918-F3F7A05A5993}.Release|x64.ActiveCfg = Release|x64
		{AA879603-53F7-4928-9918-F3F7A05A5993}.Release|x64.Build.0 = Release|x64
		{AA879603-53F7-4928-9918-F3F7A05A5993}.Release|x86.ActiveCfg = Release|x86
		{AA879603-53F7-4928-9918-F3F7A05A5993}.Release|x86.Build.0 = Release|x86
	EndGlobalSection
	GlobalSection(SolutionProperties) = preSolution
		HideSolutionNode = FALSE
	EndGlobalSection
EndGlobal
