
Microsoft Visual Studio Solution File, Format Version 12.00
# Visual Studio 15
VisualStudioVersion = 15.0.27130.2010
MinimumVisualStudioVersion = 10.0.40219.1
Project("{FAE04EC0-301F-11D3-BF4B-00C04F79EFBC}") = "iVM.UWP.App", "src\iVM.UWP.App\iVM.UWP.App.csproj", "{D787BE9D-F6C6-4E60-8B98-419B8C994F0C}"
EndProject
Project("{FAE04EC0-301F-11D3-BF4B-00C04F79EFBC}") = "iVM.Android.App", "src\iVM.Android.App\iVM.Android.App.csproj", "{B80795F2-B8C9-4B4D-9DA0-34F285B310BB}"
EndProject
Project("{FAE04EC0-301F-11D3-BF4B-00C04F79EFBC}") = "iVM.iOS.App", "src\iVM.iOS.App\iVM.iOS.App.csproj", "{ADBA9F73-D610-484D-B8D7-74449C94E60E}"
EndProject
Project("{2150E333-8FDC-42A3-9474-1A3956D46DE8}") = "tests", "tests", "{26DC8F37-03C0-4D21-B0D8-59CDA1AE8731}"
EndProject
Project("{2150E333-8FDC-42A3-9474-1A3956D46DE8}") = "src", "src", "{4ED9B391-A296-4215-BED6-623E5498037F}"
EndProject
Project("{2150E333-8FDC-42A3-9474-1A3956D46DE8}") = "infrastructure", "infrastructure", "{2D2A934B-3B2D-4123-B29D-AEC6D2E975FB}"
EndProject
Project("{2150E333-8FDC-42A3-9474-1A3956D46DE8}") = "core", "core", "{332CDDDB-F0BC-4E08-8752-D8710BCE3BC9}"
EndProject
Project("{9A19103F-16F7-4668-BE54-9A1E7A4F7556}") = "iVM.Core.UI", "src\infrastructure\core\iVM.Core.UI\iVM.Core.UI.csproj", "{FBD3D46B-B3D7-4DE3-AB0B-E73549054499}"
EndProject
Project("{2150E333-8FDC-42A3-9474-1A3956D46DE8}") = "DAL", "DAL", "{80473538-5CB2-4FB6-8C69-1512B68A4233}"
EndProject
Project("{9A19103F-16F7-4668-BE54-9A1E7A4F7556}") = "iVM.Data.Vehicle.Model", "src\infrastructure\DAL\iVM.Data.Vehicle.Model\iVM.Data.Vehicle.Model.csproj", "{2311F425-7466-4055-AC3B-D25D97C1366C}"
EndProject
Project("{9A19103F-16F7-4668-BE54-9A1E7A4F7556}") = "iVM.Data.Vehicle.Context", "src\infrastructure\DAL\iVM.Data.Vehicle.Context\iVM.Data.Vehicle.Context.csproj", "{7BF0233F-0FDA-4E20-869A-4216CDA55C46}"
EndProject
Project("{9A19103F-16F7-4668-BE54-9A1E7A4F7556}") = "DataBaseContextExtensions", "src\infrastructure\DAL\DataBaseContextExtensions\DataBaseContextExtensions.csproj", "{A29F73D2-650F-40A1-A390-78AB00D950B0}"
EndProject
Project("{9A19103F-16F7-4668-BE54-9A1E7A4F7556}") = "iVM.Data.Master.Model", "src\infrastructure\DAL\iVM.Data.Master.Model\iVM.Data.Master.Model.csproj", "{B6ABFA11-5A9D-4959-A037-5FC9BC1BDF3F}"
EndProject
Project("{9A19103F-16F7-4668-BE54-9A1E7A4F7556}") = "iVM.Data.Master.Context", "src\infrastructure\DAL\iVM.Data.Master.Context\iVM.Data.Master.Context.csproj", "{B941CCFA-3B89-4319-9F5B-18EF87B56462}"
EndProject
Project("{9A19103F-16F7-4668-BE54-9A1E7A4F7556}") = "iVM.Core.Entity", "src\infrastructure\core\iVM.Core.Entity\iVM.Core.Entity.csproj", "{A92212F1-0FC5-4ED7-9545-AD3CBF1F3469}"
EndProject
Project("{2150E333-8FDC-42A3-9474-1A3956D46DE8}") = "UWP", "UWP", "{2F7ABE43-5767-43D4-9AAA-8E238A751A6F}"
EndProject
Project("{FAE04EC0-301F-11D3-BF4B-00C04F79EFBC}") = "iVM.UWP.Localization", "src\UWP\iVM.UWP.Localization\iVM.UWP.Localization.csproj", "{AA879603-53F7-4928-9918-F3F7A05A5993}"
EndProject
Project("{9A19103F-16F7-4668-BE54-9A1E7A4F7556}") = "iVM.Core.Entity.Services", "src\infrastructure\core\iVM.Core.Entity.Services\iVM.Core.Entity.Services.csproj", "{318FDCC7-ABF3-43C9-A8C4-4786DA201F34}"
EndProject
Global
	GlobalSection(SolutionConfigurationPlatforms) = preSolution
		Ad-Hoc|Any CPU = Ad-Hoc|Any CPU
		Ad-Hoc|ARM = Ad-Hoc|ARM
		Ad-Hoc|iPhone = Ad-Hoc|iPhone
		Ad-Hoc|iPhoneSimulator = Ad-Hoc|iPhoneSimulator
		Ad-Hoc|x64 = Ad-Hoc|x64
		Ad-Hoc|x86 = Ad-Hoc|x86
		AppStore|Any CPU = AppStore|Any CPU
		AppStore|ARM = AppStore|ARM
		AppStore|iPhone = AppStore|iPhone
		AppStore|iPhoneSimulator = AppStore|iPhoneSimulator
		AppStore|x64 = AppStore|x64
		AppStore|x86 = AppStore|x86
		Debug|Any CPU = Debug|Any CPU
		Debug|ARM = Debug|ARM
		Debug|iPhone = Debug|iPhone
		Debug|iPhoneSimulator = Debug|iPhoneSimulator
		Debug|x64 = Debug|x64
		Debug|x86 = Debug|x86
		Release|Any CPU = Release|Any CPU
		Release|ARM = Release|ARM
		Release|iPhone = Release|iPhone
		Release|iPhoneSimulator = Release|iPhoneSimulator
		Release|x64 = Release|x64
		Release|x86 = Release|x86
	EndGlobalSection
	GlobalSection(ProjectConfigurationPlatforms) = postSolution
		{D787BE9D-F6C6-4E60-8B98-419B8C994F0C}.Ad-Hoc|Any CPU.ActiveCfg = Release|x64
		{D787BE9D-F6C6-4E60-8B98-419B8C994F0C}.Ad-Hoc|Any CPU.Build.0 = Release|x64
		{D787BE9D-F6C6-4E60-8B98-419B8C994F0C}.Ad-Hoc|Any CPU.Deploy.0 = Release|x64
		{D787BE9D-F6C6-4E60-8B98-419B8C994F0C}.Ad-Hoc|ARM.ActiveCfg = Release|ARM
		{D787BE9D-F6C6-4E60-8B98-419B8C994F0C}.Ad-Hoc|ARM.Build.0 = Release|ARM
		{D787BE9D-F6C6-4E60-8B98-419B8C994F0C}.Ad-Hoc|ARM.Deploy.0 = Release|ARM
		{D787BE9D-F6C6-4E60-8B98-419B8C994F0C}.Ad-Hoc|iPhone.ActiveCfg = Release|x64
		{D787BE9D-F6C6-4E60-8B98-419B8C994F0C}.Ad-Hoc|iPhone.Build.0 = Release|x64
		{D787BE9D-F6C6-4E60-8B98-419B8C994F0C}.Ad-Hoc|iPhone.Deploy.0 = Release|x64
		{D787BE9D-F6C6-4E60-8B98-419B8C994F0C}.Ad-Hoc|iPhoneSimulator.ActiveCfg = Release|x64
		{D787BE9D-F6C6-4E60-8B98-419B8C994F0C}.Ad-Hoc|iPhoneSimulator.Build.0 = Release|x64
		{D787BE9D-F6C6-4E60-8B98-419B8C994F0C}.Ad-Hoc|iPhoneSimulator.Deploy.0 = Release|x64
		{D787BE9D-F6C6-4E60-8B98-419B8C994F0C}.Ad-Hoc|x64.ActiveCfg = Release|x64
		{D787BE9D-F6C6-4E60-8B98-419B8C994F0C}.Ad-Hoc|x64.Build.0 = Release|x64
		{D787BE9D-F6C6-4E60-8B98-419B8C994F0C}.Ad-Hoc|x64.Deploy.0 = Release|x64
		{D787BE9D-F6C6-4E60-8B98-419B8C994F0C}.Ad-Hoc|x86.ActiveCfg = Release|x86
		{D787BE9D-F6C6-4E60-8B98-419B8C994F0C}.Ad-Hoc|x86.Build.0 = Release|x86
		{D787BE9D-F6C6-4E60-8B98-419B8C994F0C}.Ad-Hoc|x86.Deploy.0 = Release|x86
		{D787BE9D-F6C6-4E60-8B98-419B8C994F0C}.AppStore|Any CPU.ActiveCfg = Release|x64
		{D787BE9D-F6C6-4E60-8B98-419B8C994F0C}.AppStore|Any CPU.Build.0 = Release|x64
		{D787BE9D-F6C6-4E60-8B98-419B8C994F0C}.AppStore|Any CPU.Deploy.0 = Release|x64
		{D787BE9D-F6C6-4E60-8B98-419B8C994F0C}.AppStore|ARM.ActiveCfg = Release|ARM
		{D787BE9D-F6C6-4E60-8B98-419B8C994F0C}.AppStore|ARM.Build.0 = Release|ARM
		{D787BE9D-F6C6-4E60-8B98-419B8C994F0C}.AppStore|ARM.Deploy.0 = Release|ARM
		{D787BE9D-F6C6-4E60-8B98-419B8C994F0C}.AppStore|iPhone.ActiveCfg = Release|x64
		{D787BE9D-F6C6-4E60-8B98-419B8C994F0C}.AppStore|iPhone.Build.0 = Release|x64
		{D787BE9D-F6C6-4E60-8B98-419B8C994F0C}.AppStore|iPhone.Deploy.0 = Release|x64
		{D787BE9D-F6C6-4E60-8B98-419B8C994F0C}.AppStore|iPhoneSimulator.ActiveCfg = Release|x64
		{D787BE9D-F6C6-4E60-8B98-419B8C994F0C}.AppStore|iPhoneSimulator.Build.0 = Release|x64
		{D787BE9D-F6C6-4E60-8B98-419B8C994F0C}.AppStore|iPhoneSimulator.Deploy.0 = Release|x64
		{D787BE9D-F6C6-4E60-8B98-419B8C994F0C}.AppStore|x64.ActiveCfg = Release|x64
		{D787BE9D-F6C6-4E60-8B98-419B8C994F0C}.AppStore|x64.Build.0 = Release|x64
		{D787BE9D-F6C6-4E60-8B98-419B8C994F0C}.AppStore|x64.Deploy.0 = Release|x64
		{D787BE9D-F6C6-4E60-8B98-419B8C994F0C}.AppStore|x86.ActiveCfg = Release|x86
		{D787BE9D-F6C6-4E60-8B98-419B8C994F0C}.AppStore|x86.Build.0 = Release|x86
		{D787BE9D-F6C6-4E60-8B98-419B8C994F0C}.AppStore|x86.Deploy.0 = Release|x86
		{D787BE9D-F6C6-4E60-8B98-419B8C994F0C}.Debug|Any CPU.ActiveCfg = Debug|x86
		{D787BE9D-F6C6-4E60-8B98-419B8C994F0C}.Debug|Any CPU.Build.0 = Debug|x86
		{D787BE9D-F6C6-4E60-8B98-419B8C994F0C}.Debug|Any CPU.Deploy.0 = Debug|x86
		{D787BE9D-F6C6-4E60-8B98-419B8C994F0C}.Debug|ARM.ActiveCfg = Debug|ARM
		{D787BE9D-F6C6-4E60-8B98-419B8C994F0C}.Debug|ARM.Build.0 = Debug|ARM
		{D787BE9D-F6C6-4E60-8B98-419B8C994F0C}.Debug|ARM.Deploy.0 = Debug|ARM
		{D787BE9D-F6C6-4E60-8B98-419B8C994F0C}.Debug|iPhone.ActiveCfg = Debug|x86
		{D787BE9D-F6C6-4E60-8B98-419B8C994F0C}.Debug|iPhoneSimulator.ActiveCfg = Debug|x86
		{D787BE9D-F6C6-4E60-8B98-419B8C994F0C}.Debug|x64.ActiveCfg = Debug|x64
		{D787BE9D-F6C6-4E60-8B98-419B8C994F0C}.Debug|x64.Build.0 = Debug|x64
		{D787BE9D-F6C6-4E60-8B98-419B8C994F0C}.Debug|x64.Deploy.0 = Debug|x64
		{D787BE9D-F6C6-4E60-8B98-419B8C994F0C}.Debug|x86.ActiveCfg = Debug|x86
		{D787BE9D-F6C6-4E60-8B98-419B8C994F0C}.Debug|x86.Build.0 = Debug|x86
		{D787BE9D-F6C6-4E60-8B98-419B8C994F0C}.Debug|x86.Deploy.0 = Debug|x86
		{D787BE9D-F6C6-4E60-8B98-419B8C994F0C}.Release|Any CPU.ActiveCfg = Release|x86
		{D787BE9D-F6C6-4E60-8B98-419B8C994F0C}.Release|ARM.ActiveCfg = Release|ARM
		{D787BE9D-F6C6-4E60-8B98-419B8C994F0C}.Release|ARM.Build.0 = Release|ARM
		{D787BE9D-F6C6-4E60-8B98-419B8C994F0C}.Release|ARM.Deploy.0 = Release|ARM
		{D787BE9D-F6C6-4E60-8B98-419B8C994F0C}.Release|iPhone.ActiveCfg = Release|x86
		{D787BE9D-F6C6-4E60-8B98-419B8C994F0C}.Release|iPhoneSimulator.ActiveCfg = Release|x86
		{D787BE9D-F6C6-4E60-8B98-419B8C994F0C}.Release|x64.ActiveCfg = Release|x64
		{D787BE9D-F6C6-4E60-8B98-419B8C994F0C}.Release|x64.Build.0 = Release|x64
		{D787BE9D-F6C6-4E60-8B98-419B8C994F0C}.Release|x64.Deploy.0 = Release|x64
		{D787BE9D-F6C6-4E60-8B98-419B8C994F0C}.Release|x86.ActiveCfg = Release|x86
		{D787BE9D-F6C6-4E60-8B98-419B8C994F0C}.Release|x86.Build.0 = Release|x86
		{D787BE9D-F6C6-4E60-8B98-419B8C994F0C}.Release|x86.Deploy.0 = Release|x86
		{B80795F2-B8C9-4B4D-9DA0-34F285B310BB}.Ad-Hoc|Any CPU.ActiveCfg = Release|Any CPU
		{B80795F2-B8C9-4B4D-9DA0-34F285B310BB}.Ad-Hoc|Any CPU.Build.0 = Release|Any CPU
		{B80795F2-B8C9-4B4D-9DA0-34F285B310BB}.Ad-Hoc|Any CPU.Deploy.0 = Release|Any CPU
		{B80795F2-B8C9-4B4D-9DA0-34F285B310BB}.Ad-Hoc|ARM.ActiveCfg = Release|Any CPU
		{B80795F2-B8C9-4B4D-9DA0-34F285B310BB}.Ad-Hoc|ARM.Build.0 = Release|Any CPU
		{B80795F2-B8C9-4B4D-9DA0-34F285B310BB}.Ad-Hoc|ARM.Deploy.0 = Release|Any CPU
		{B80795F2-B8C9-4B4D-9DA0-34F285B310BB}.Ad-Hoc|iPhone.ActiveCfg = Release|Any CPU
		{B80795F2-B8C9-4B4D-9DA0-34F285B310BB}.Ad-Hoc|iPhone.Build.0 = Release|Any CPU
		{B80795F2-B8C9-4B4D-9DA0-34F285B310BB}.Ad-Hoc|iPhone.Deploy.0 = Release|Any CPU
		{B80795F2-B8C9-4B4D-9DA0-34F285B310BB}.Ad-Hoc|iPhoneSimulator.ActiveCfg = Release|Any CPU
		{B80795F2-B8C9-4B4D-9DA0-34F285B310BB}.Ad-Hoc|iPhoneSimulator.Build.0 = Release|Any CPU
		{B80795F2-B8C9-4B4D-9DA0-34F285B310BB}.Ad-Hoc|iPhoneSimulator.Deploy.0 = Release|Any CPU
		{B80795F2-B8C9-4B4D-9DA0-34F285B310BB}.Ad-Hoc|x64.ActiveCfg = Release|Any CPU
		{B80795F2-B8C9-4B4D-9DA0-34F285B310BB}.Ad-Hoc|x64.Build.0 = Release|Any CPU
		{B80795F2-B8C9-4B4D-9DA0-34F285B310BB}.Ad-Hoc|x64.Deploy.0 = Release|Any CPU
		{B80795F2-B8C9-4B4D-9DA0-34F285B310BB}.Ad-Hoc|x86.ActiveCfg = Release|Any CPU
		{B80795F2-B8C9-4B4D-9DA0-34F285B310BB}.Ad-Hoc|x86.Build.0 = Release|Any CPU
		{B80795F2-B8C9-4B4D-9DA0-34F285B310BB}.Ad-Hoc|x86.Deploy.0 = Release|Any CPU
		{B80795F2-B8C9-4B4D-9DA0-34F285B310BB}.AppStore|Any CPU.ActiveCfg = Release|Any CPU
		{B80795F2-B8C9-4B4D-9DA0-34F285B310BB}.AppStore|Any CPU.Build.0 = Release|Any CPU
		{B80795F2-B8C9-4B4D-9DA0-34F285B310BB}.AppStore|Any CPU.Deploy.0 = Release|Any CPU
		{B80795F2-B8C9-4B4D-9DA0-34F285B310BB}.AppStore|ARM.ActiveCfg = Release|Any CPU
		{B80795F2-B8C9-4B4D-9DA0-34F285B310BB}.AppStore|ARM.Build.0 = Release|Any CPU
		{B80795F2-B8C9-4B4D-9DA0-34F285B310BB}.AppStore|ARM.Deploy.0 = Release|Any CPU
		{B80795F2-B8C9-4B4D-9DA0-34F285B310BB}.AppStore|iPhone.ActiveCfg = Release|Any CPU
		{B80795F2-B8C9-4B4D-9DA0-34F285B310BB}.AppStore|iPhone.Build.0 = Release|Any CPU
		{B80795F2-B8C9-4B4D-9DA0-34F285B310BB}.AppStore|iPhone.Deploy.0 = Release|Any CPU
		{B80795F2-B8C9-4B4D-9DA0-34F285B310BB}.AppStore|iPhoneSimulator.ActiveCfg = Release|Any CPU
		{B80795F2-B8C9-4B4D-9DA0-34F285B310BB}.AppStore|iPhoneSimulator.Build.0 = Release|Any CPU
		{B80795F2-B8C9-4B4D-9DA0-34F285B310BB}.AppStore|iPhoneSimulator.Deploy.0 = Release|Any CPU
		{B80795F2-B8C9-4B4D-9DA0-34F285B310BB}.AppStore|x64.ActiveCfg = Release|Any CPU
		{B80795F2-B8C9-4B4D-9DA0-34F285B310BB}.AppStore|x64.Build.0 = Release|Any CPU
		{B80795F2-B8C9-4B4D-9DA0-34F285B310BB}.AppStore|x64.Deploy.0 = Release|Any CPU
		{B80795F2-B8C9-4B4D-9DA0-34F285B310BB}.AppStore|x86.ActiveCfg = Release|Any CPU
		{B80795F2-B8C9-4B4D-9DA0-34F285B310BB}.AppStore|x86.Build.0 = Release|Any CPU
		{B80795F2-B8C9-4B4D-9DA0-34F285B310BB}.AppStore|x86.Deploy.0 = Release|Any CPU
		{B80795F2-B8C9-4B4D-9DA0-34F285B310BB}.Debug|Any CPU.ActiveCfg = Debug|Any CPU
		{B80795F2-B8C9-4B4D-9DA0-34F285B310BB}.Debug|Any CPU.Build.0 = Debug|Any CPU
		{B80795F2-B8C9-4B4D-9DA0-34F285B310BB}.Debug|Any CPU.Deploy.0 = Debug|Any CPU
		{B80795F2-B8C9-4B4D-9DA0-34F285B310BB}.Debug|ARM.ActiveCfg = Debug|Any CPU
		{B80795F2-B8C9-4B4D-9DA0-34F285B310BB}.Debug|ARM.Build.0 = Debug|Any CPU
		{B80795F2-B8C9-4B4D-9DA0-34F285B310BB}.Debug|ARM.Deploy.0 = Debug|Any CPU
		{B80795F2-B8C9-4B4D-9DA0-34F285B310BB}.Debug|iPhone.ActiveCfg = Debug|Any CPU
		{B80795F2-B8C9-4B4D-9DA0-34F285B310BB}.Debug|iPhone.Build.0 = Debug|Any CPU
		{B80795F2-B8C9-4B4D-9DA0-34F285B310BB}.Debug|iPhone.Deploy.0 = Debug|Any CPU
		{B80795F2-B8C9-4B4D-9DA0-34F285B310BB}.Debug|iPhoneSimulator.ActiveCfg = Debug|Any CPU
		{B80795F2-B8C9-4B4D-9DA0-34F285B310BB}.Debug|iPhoneSimulator.Build.0 = Debug|Any CPU
		{B80795F2-B8C9-4B4D-9DA0-34F285B310BB}.Debug|iPhoneSimulator.Deploy.0 = Debug|Any CPU
		{B80795F2-B8C9-4B4D-9DA0-34F285B310BB}.Debug|x64.ActiveCfg = Debug|Any CPU
		{B80795F2-B8C9-4B4D-9DA0-34F285B310BB}.Debug|x64.Build.0 = Debug|Any CPU
		{B80795F2-B8C9-4B4D-9DA0-34F285B310BB}.Debug|x64.Deploy.0 = Debug|Any CPU
		{B80795F2-B8C9-4B4D-9DA0-34F285B310BB}.Debug|x86.ActiveCfg = Debug|Any CPU
		{B80795F2-B8C9-4B4D-9DA0-34F285B310BB}.Debug|x86.Build.0 = Debug|Any CPU
		{B80795F2-B8C9-4B4D-9DA0-34F285B310BB}.Debug|x86.Deploy.0 = Debug|Any CPU
		{B80795F2-B8C9-4B4D-9DA0-34F285B310BB}.Release|Any CPU.ActiveCfg = Release|Any CPU
		{B80795F2-B8C9-4B4D-9DA0-34F285B310BB}.Release|Any CPU.Build.0 = Release|Any CPU
		{B80795F2-B8C9-4B4D-9DA0-34F285B310BB}.Release|Any CPU.Deploy.0 = Release|Any CPU
		{B80795F2-B8C9-4B4D-9DA0-34F285B310BB}.Release|ARM.ActiveCfg = Release|Any CPU
		{B80795F2-B8C9-4B4D-9DA0-34F285B310BB}.Release|ARM.Build.0 = Release|Any CPU
		{B80795F2-B8C9-4B4D-9DA0-34F285B310BB}.Release|ARM.Deploy.0 = Release|Any CPU
		{B80795F2-B8C9-4B4D-9DA0-34F285B310BB}.Release|iPhone.ActiveCfg = Release|Any CPU
		{B80795F2-B8C9-4B4D-9DA0-34F285B310BB}.Release|iPhone.Build.0 = Release|Any CPU
		{B80795F2-B8C9-4B4D-9DA0-34F285B310BB}.Release|iPhone.Deploy.0 = Release|Any CPU
		{B80795F2-B8C9-4B4D-9DA0-34F285B310BB}.Release|iPhoneSimulator.ActiveCfg = Release|Any CPU
		{B80795F2-B8C9-4B4D-9DA0-34F285B310BB}.Release|iPhoneSimulator.Build.0 = Release|Any CPU
		{B80795F2-B8C9-4B4D-9DA0-34F285B310BB}.Release|iPhoneSimulator.Deploy.0 = Release|Any CPU
		{B80795F2-B8C9-4B4D-9DA0-34F285B310BB}.Release|x64.ActiveCfg = Release|Any CPU
		{B80795F2-B8C9-4B4D-9DA0-34F285B310BB}.Release|x64.Build.0 = Release|Any CPU
		{B80795F2-B8C9-4B4D-9DA0-34F285B310BB}.Release|x64.Deploy.0 = Release|Any CPU
		{B80795F2-B8C9-4B4D-9DA0-34F285B310BB}.Release|x86.ActiveCfg = Release|Any CPU
		{B80795F2-B8C9-4B4D-9DA0-34F285B310BB}.Release|x86.Build.0 = Release|Any CPU
		{B80795F2-B8C9-4B4D-9DA0-34F285B310BB}.Release|x86.Deploy.0 = Release|Any CPU
		{ADBA9F73-D610-484D-B8D7-74449C94E60E}.Ad-Hoc|Any CPU.ActiveCfg = Ad-Hoc|iPhone
		{ADBA9F73-D610-484D-B8D7-74449C94E60E}.Ad-Hoc|ARM.ActiveCfg = Ad-Hoc|iPhone
		{ADBA9F73-D610-484D-B8D7-74449C94E60E}.Ad-Hoc|iPhone.ActiveCfg = Ad-Hoc|iPhone
		{ADBA9F73-D610-484D-B8D7-74449C94E60E}.Ad-Hoc|iPhone.Build.0 = Ad-Hoc|iPhone
		{ADBA9F73-D610-484D-B8D7-74449C94E60E}.Ad-Hoc|iPhoneSimulator.ActiveCfg = Ad-Hoc|iPhoneSimulator
		{ADBA9F73-D610-484D-B8D7-74449C94E60E}.Ad-Hoc|iPhoneSimulator.Build.0 = Ad-Hoc|iPhoneSimulator
		{ADBA9F73-D610-484D-B8D7-74449C94E60E}.Ad-Hoc|x64.ActiveCfg = Ad-Hoc|iPhone
		{ADBA9F73-D610-484D-B8D7-74449C94E60E}.Ad-Hoc|x86.ActiveCfg = Ad-Hoc|iPhone
		{ADBA9F73-D610-484D-B8D7-74449C94E60E}.AppStore|Any CPU.ActiveCfg = AppStore|iPhone
		{ADBA9F73-D610-484D-B8D7-74449C94E60E}.AppStore|ARM.ActiveCfg = AppStore|iPhone
		{ADBA9F73-D610-484D-B8D7-74449C94E60E}.AppStore|iPhone.ActiveCfg = AppStore|iPhone
		{ADBA9F73-D610-484D-B8D7-74449C94E60E}.AppStore|iPhone.Build.0 = AppStore|iPhone
		{ADBA9F73-D610-484D-B8D7-74449C94E60E}.AppStore|iPhoneSimulator.ActiveCfg = AppStore|iPhoneSimulator
		{ADBA9F73-D610-484D-B8D7-74449C94E60E}.AppStore|iPhoneSimulator.Build.0 = AppStore|iPhoneSimulator
		{ADBA9F73-D610-484D-B8D7-74449C94E60E}.AppStore|x64.ActiveCfg = AppStore|iPhone
		{ADBA9F73-D610-484D-B8D7-74449C94E60E}.AppStore|x86.ActiveCfg = AppStore|iPhone
		{ADBA9F73-D610-484D-B8D7-74449C94E60E}.Debug|Any CPU.ActiveCfg = Debug|iPhone
		{ADBA9F73-D610-484D-B8D7-74449C94E60E}.Debug|ARM.ActiveCfg = Debug|iPhone
		{ADBA9F73-D610-484D-B8D7-74449C94E60E}.Debug|iPhone.ActiveCfg = Debug|iPhone
		{ADBA9F73-D610-484D-B8D7-74449C94E60E}.Debug|iPhone.Build.0 = Debug|iPhone
		{ADBA9F73-D610-484D-B8D7-74449C94E60E}.Debug|iPhoneSimulator.ActiveCfg = Debug|iPhoneSimulator
		{ADBA9F73-D610-484D-B8D7-74449C94E60E}.Debug|iPhoneSimulator.Build.0 = Debug|iPhoneSimulator
		{ADBA9F73-D610-484D-B8D7-74449C94E60E}.Debug|x64.ActiveCfg = Debug|iPhone
		{ADBA9F73-D610-484D-B8D7-74449C94E60E}.Debug|x86.ActiveCfg = Debug|iPhone
		{ADBA9F73-D610-484D-B8D7-74449C94E60E}.Release|Any CPU.ActiveCfg = Release|iPhone
		{ADBA9F73-D610-484D-B8D7-74449C94E60E}.Release|ARM.ActiveCfg = Release|iPhone
		{ADBA9F73-D610-484D-B8D7-74449C94E60E}.Release|iPhone.ActiveCfg = Release|iPhone
		{ADBA9F73-D610-484D-B8D7-74449C94E60E}.Release|iPhone.Build.0 = Release|iPhone
		{ADBA9F73-D610-484D-B8D7-74449C94E60E}.Release|iPhoneSimulator.ActiveCfg = Release|iPhoneSimulator
		{ADBA9F73-D610-484D-B8D7-74449C94E60E}.Release|iPhoneSimulator.Build.0 = Release|iPhoneSimulator
		{ADBA9F73-D610-484D-B8D7-74449C94E60E}.Release|x64.ActiveCfg = Release|iPhone
		{ADBA9F73-D610-484D-B8D7-74449C94E60E}.Release|x86.ActiveCfg = Release|iPhone
		{FBD3D46B-B3D7-4DE3-AB0B-E73549054499}.Ad-Hoc|Any CPU.ActiveCfg = Debug|Any CPU
		{FBD3D46B-B3D7-4DE3-AB0B-E73549054499}.Ad-Hoc|Any CPU.Build.0 = Debug|Any CPU
		{FBD3D46B-B3D7-4DE3-AB0B-E73549054499}.Ad-Hoc|ARM.ActiveCfg = Debug|Any CPU
		{FBD3D46B-B3D7-4DE3-AB0B-E73549054499}.Ad-Hoc|ARM.Build.0 = Debug|Any CPU
		{FBD3D46B-B3D7-4DE3-AB0B-E73549054499}.Ad-Hoc|iPhone.ActiveCfg = Debug|Any CPU
		{FBD3D46B-B3D7-4DE3-AB0B-E73549054499}.Ad-Hoc|iPhone.Build.0 = Debug|Any CPU
		{FBD3D46B-B3D7-4DE3-AB0B-E73549054499}.Ad-Hoc|iPhoneSimulator.ActiveCfg = Debug|Any CPU
		{FBD3D46B-B3D7-4DE3-AB0B-E73549054499}.Ad-Hoc|iPhoneSimulator.Build.0 = Debug|Any CPU
		{FBD3D46B-B3D7-4DE3-AB0B-E73549054499}.Ad-Hoc|x64.ActiveCfg = Debug|Any CPU
		{FBD3D46B-B3D7-4DE3-AB0B-E73549054499}.Ad-Hoc|x64.Build.0 = Debug|Any CPU
		{FBD3D46B-B3D7-4DE3-AB0B-E73549054499}.Ad-Hoc|x86.ActiveCfg = Debug|Any CPU
		{FBD3D46B-B3D7-4DE3-AB0B-E73549054499}.Ad-Hoc|x86.Build.0 = Debug|Any CPU
		{FBD3D46B-B3D7-4DE3-AB0B-E73549054499}.AppStore|Any CPU.ActiveCfg = Debug|Any CPU
		{FBD3D46B-B3D7-4DE3-AB0B-E73549054499}.AppStore|Any CPU.Build.0 = Debug|Any CPU
		{FBD3D46B-B3D7-4DE3-AB0B-E73549054499}.AppStore|ARM.ActiveCfg = Debug|Any CPU
		{FBD3D46B-B3D7-4DE3-AB0B-E73549054499}.AppStore|ARM.Build.0 = Debug|Any CPU
		{FBD3D46B-B3D7-4DE3-AB0B-E73549054499}.AppStore|iPhone.ActiveCfg = Debug|Any CPU
		{FBD3D46B-B3D7-4DE3-AB0B-E73549054499}.AppStore|iPhone.Build.0 = Debug|Any CPU
		{FBD3D46B-B3D7-4DE3-AB0B-E73549054499}.AppStore|iPhoneSimulator.ActiveCfg = Debug|Any CPU
		{FBD3D46B-B3D7-4DE3-AB0B-E73549054499}.AppStore|iPhoneSimulator.Build.0 = Debug|Any CPU
		{FBD3D46B-B3D7-4DE3-AB0B-E73549054499}.AppStore|x64.ActiveCfg = Debug|Any CPU
		{FBD3D46B-B3D7-4DE3-AB0B-E73549054499}.AppStore|x64.Build.0 = Debug|Any CPU
		{FBD3D46B-B3D7-4DE3-AB0B-E73549054499}.AppStore|x86.ActiveCfg = Debug|Any CPU
		{FBD3D46B-B3D7-4DE3-AB0B-E73549054499}.AppStore|x86.Build.0 = Debug|Any CPU
		{FBD3D46B-B3D7-4DE3-AB0B-E73549054499}.Debug|Any CPU.ActiveCfg = Debug|Any CPU
		{FBD3D46B-B3D7-4DE3-AB0B-E73549054499}.Debug|Any CPU.Build.0 = Debug|Any CPU
		{FBD3D46B-B3D7-4DE3-AB0B-E73549054499}.Debug|ARM.ActiveCfg = Debug|Any CPU
		{FBD3D46B-B3D7-4DE3-AB0B-E73549054499}.Debug|ARM.Build.0 = Debug|Any CPU
		{FBD3D46B-B3D7-4DE3-AB0B-E73549054499}.Debug|iPhone.ActiveCfg = Debug|Any CPU
		{FBD3D46B-B3D7-4DE3-AB0B-E73549054499}.Debug|iPhone.Build.0 = Debug|Any CPU
		{FBD3D46B-B3D7-4DE3-AB0B-E73549054499}.Debug|iPhoneSimulator.ActiveCfg = Debug|Any CPU
		{FBD3D46B-B3D7-4DE3-AB0B-E73549054499}.Debug|iPhoneSimulator.Build.0 = Debug|Any CPU
		{FBD3D46B-B3D7-4DE3-AB0B-E73549054499}.Debug|x64.ActiveCfg = Debug|Any CPU
		{FBD3D46B-B3D7-4DE3-AB0B-E73549054499}.Debug|x64.Build.0 = Debug|Any CPU
		{FBD3D46B-B3D7-4DE3-AB0B-E73549054499}.Debug|x86.ActiveCfg = Debug|Any CPU
		{FBD3D46B-B3D7-4DE3-AB0B-E73549054499}.Debug|x86.Build.0 = Debug|Any CPU
		{FBD3D46B-B3D7-4DE3-AB0B-E73549054499}.Release|Any CPU.ActiveCfg = Release|Any CPU
		{FBD3D46B-B3D7-4DE3-AB0B-E73549054499}.Release|Any CPU.Build.0 = Release|Any CPU
		{FBD3D46B-B3D7-4DE3-AB0B-E73549054499}.Release|ARM.ActiveCfg = Release|Any CPU
		{FBD3D46B-B3D7-4DE3-AB0B-E73549054499}.Release|ARM.Build.0 = Release|Any CPU
		{FBD3D46B-B3D7-4DE3-AB0B-E73549054499}.Release|iPhone.ActiveCfg = Release|Any CPU
		{FBD3D46B-B3D7-4DE3-AB0B-E73549054499}.Release|iPhone.Build.0 = Release|Any CPU
		{FBD3D46B-B3D7-4DE3-AB0B-E73549054499}.Release|iPhoneSimulator.ActiveCfg = Release|Any CPU
		{FBD3D46B-B3D7-4DE3-AB0B-E73549054499}.Release|iPhoneSimulator.Build.0 = Release|Any CPU
		{FBD3D46B-B3D7-4DE3-AB0B-E73549054499}.Release|x64.ActiveCfg = Release|Any CPU
		{FBD3D46B-B3D7-4DE3-AB0B-E73549054499}.Release|x64.Build.0 = Release|Any CPU
		{FBD3D46B-B3D7-4DE3-AB0B-E73549054499}.Release|x86.ActiveCfg = Release|Any CPU
		{FBD3D46B-B3D7-4DE3-AB0B-E73549054499}.Release|x86.Build.0 = Release|Any CPU
		{2311F425-7466-4055-AC3B-D25D97C1366C}.Ad-Hoc|Any CPU.ActiveCfg = Debug|Any CPU
		{2311F425-7466-4055-AC3B-D25D97C1366C}.Ad-Hoc|Any CPU.Build.0 = Debug|Any CPU
		{2311F425-7466-4055-AC3B-D25D97C1366C}.Ad-Hoc|ARM.ActiveCfg = Debug|Any CPU
		{2311F425-7466-4055-AC3B-D25D97C1366C}.Ad-Hoc|ARM.Build.0 = Debug|Any CPU
		{2311F425-7466-4055-AC3B-D25D97C1366C}.Ad-Hoc|iPhone.ActiveCfg = Debug|Any CPU
		{2311F425-7466-4055-AC3B-D25D97C1366C}.Ad-Hoc|iPhone.Build.0 = Debug|Any CPU
		{2311F425-7466-4055-AC3B-D25D97C1366C}.Ad-Hoc|iPhoneSimulator.ActiveCfg = Debug|Any CPU
		{2311F425-7466-4055-AC3B-D25D97C1366C}.Ad-Hoc|iPhoneSimulator.Build.0 = Debug|Any CPU
		{2311F425-7466-4055-AC3B-D25D97C1366C}.Ad-Hoc|x64.ActiveCfg = Debug|Any CPU
		{2311F425-7466-4055-AC3B-D25D97C1366C}.Ad-Hoc|x64.Build.0 = Debug|Any CPU
		{2311F425-7466-4055-AC3B-D25D97C1366C}.Ad-Hoc|x86.ActiveCfg = Debug|Any CPU
		{2311F425-7466-4055-AC3B-D25D97C1366C}.Ad-Hoc|x86.Build.0 = Debug|Any CPU
		{2311F425-7466-4055-AC3B-D25D97C1366C}.AppStore|Any CPU.ActiveCfg = Debug|Any CPU
		{2311F425-7466-4055-AC3B-D25D97C1366C}.AppStore|Any CPU.Build.0 = Debug|Any CPU
		{2311F425-7466-4055-AC3B-D25D97C1366C}.AppStore|ARM.ActiveCfg = Debug|Any CPU
		{2311F425-7466-4055-AC3B-D25D97C1366C}.AppStore|ARM.Build.0 = Debug|Any CPU
		{2311F425-7466-4055-AC3B-D25D97C1366C}.AppStore|iPhone.ActiveCfg = Debug|Any CPU
		{2311F425-7466-4055-AC3B-D25D97C1366C}.AppStore|iPhone.Build.0 = Debug|Any CPU
		{2311F425-7466-4055-AC3B-D25D97C1366C}.AppStore|iPhoneSimulator.ActiveCfg = Debug|Any CPU
		{2311F425-7466-4055-AC3B-D25D97C1366C}.AppStore|iPhoneSimulator.Build.0 = Debug|Any CPU
		{2311F425-7466-4055-AC3B-D25D97C1366C}.AppStore|x64.ActiveCfg = Debug|Any CPU
		{2311F425-7466-4055-AC3B-D25D97C1366C}.AppStore|x64.Build.0 = Debug|Any CPU
		{2311F425-7466-4055-AC3B-D25D97C1366C}.AppStore|x86.ActiveCfg = Debug|Any CPU
		{2311F425-7466-4055-AC3B-D25D97C1366C}.AppStore|x86.Build.0 = Debug|Any CPU
		{2311F425-7466-4055-AC3B-D25D97C1366C}.Debug|Any CPU.ActiveCfg = Debug|Any CPU
		{2311F425-7466-4055-AC3B-D25D97C1366C}.Debug|Any CPU.Build.0 = Debug|Any CPU
		{2311F425-7466-4055-AC3B-D25D97C1366C}.Debug|ARM.ActiveCfg = Debug|Any CPU
		{2311F425-7466-4055-AC3B-D25D97C1366C}.Debug|ARM.Build.0 = Debug|Any CPU
		{2311F425-7466-4055-AC3B-D25D97C1366C}.Debug|iPhone.ActiveCfg = Debug|Any CPU
		{2311F425-7466-4055-AC3B-D25D97C1366C}.Debug|iPhone.Build.0 = Debug|Any CPU
		{2311F425-7466-4055-AC3B-D25D97C1366C}.Debug|iPhoneSimulator.ActiveCfg = Debug|Any CPU
		{2311F425-7466-4055-AC3B-D25D97C1366C}.Debug|iPhoneSimulator.Build.0 = Debug|Any CPU
		{2311F425-7466-4055-AC3B-D25D97C1366C}.Debug|x64.ActiveCfg = Debug|Any CPU
		{2311F425-7466-4055-AC3B-D25D97C1366C}.Debug|x64.Build.0 = Debug|Any CPU
		{2311F425-7466-4055-AC3B-D25D97C1366C}.Debug|x86.ActiveCfg = Debug|Any CPU
		{2311F425-7466-4055-AC3B-D25D97C1366C}.Debug|x86.Build.0 = Debug|Any CPU
		{2311F425-7466-4055-AC3B-D25D97C1366C}.Release|Any CPU.ActiveCfg = Release|Any CPU
		{2311F425-7466-4055-AC3B-D25D97C1366C}.Release|Any CPU.Build.0 = Release|Any CPU
		{2311F425-7466-4055-AC3B-D25D97C1366C}.Release|ARM.ActiveCfg = Release|Any CPU
		{2311F425-7466-4055-AC3B-D25D97C1366C}.Release|ARM.Build.0 = Release|Any CPU
		{2311F425-7466-4055-AC3B-D25D97C1366C}.Release|iPhone.ActiveCfg = Release|Any CPU
		{2311F425-7466-4055-AC3B-D25D97C1366C}.Release|iPhone.Build.0 = Release|Any CPU
		{2311F425-7466-4055-AC3B-D25D97C1366C}.Release|iPhoneSimulator.ActiveCfg = Release|Any CPU
		{2311F425-7466-4055-AC3B-D25D97C1366C}.Release|iPhoneSimulator.Build.0 = Release|Any CPU
		{2311F425-7466-4055-AC3B-D25D97C1366C}.Release|x64.ActiveCfg = Release|Any CPU
		{2311F425-7466-4055-AC3B-D25D97C1366C}.Release|x64.Build.0 = Release|Any CPU
		{2311F425-7466-4055-AC3B-D25D97C1366C}.Release|x86.ActiveCfg = Release|Any CPU
		{2311F425-7466-4055-AC3B-D25D97C1366C}.Release|x86.Build.0 = Release|Any CPU
		{7BF0233F-0FDA-4E20-869A-4216CDA55C46}.Ad-Hoc|Any CPU.ActiveCfg = Debug|Any CPU
		{7BF0233F-0FDA-4E20-869A-4216CDA55C46}.Ad-Hoc|Any CPU.Build.0 = Debug|Any CPU
		{7BF0233F-0FDA-4E20-869A-4216CDA55C46}.Ad-Hoc|ARM.ActiveCfg = Debug|Any CPU
		{7BF0233F-0FDA-4E20-869A-4216CDA55C46}.Ad-Hoc|ARM.Build.0 = Debug|Any CPU
		{7BF0233F-0FDA-4E20-869A-4216CDA55C46}.Ad-Hoc|iPhone.ActiveCfg = Debug|Any CPU
		{7BF0233F-0FDA-4E20-869A-4216CDA55C46}.Ad-Hoc|iPhone.Build.0 = Debug|Any CPU
		{7BF0233F-0FDA-4E20-869A-4216CDA55C46}.Ad-Hoc|iPhoneSimulator.ActiveCfg = Debug|Any CPU
		{7BF0233F-0FDA-4E20-869A-4216CDA55C46}.Ad-Hoc|iPhoneSimulator.Build.0 = Debug|Any CPU
		{7BF0233F-0FDA-4E20-869A-4216CDA55C46}.Ad-Hoc|x64.ActiveCfg = Debug|Any CPU
		{7BF0233F-0FDA-4E20-869A-4216CDA55C46}.Ad-Hoc|x64.Build.0 = Debug|Any CPU
		{7BF0233F-0FDA-4E20-869A-4216CDA55C46}.Ad-Hoc|x86.ActiveCfg = Debug|Any CPU
		{7BF0233F-0FDA-4E20-869A-4216CDA55C46}.Ad-Hoc|x86.Build.0 = Debug|Any CPU
		{7BF0233F-0FDA-4E20-869A-4216CDA55C46}.AppStore|Any CPU.ActiveCfg = Debug|Any CPU
		{7BF0233F-0FDA-4E20-869A-4216CDA55C46}.AppStore|Any CPU.Build.0 = Debug|Any CPU
		{7BF0233F-0FDA-4E20-869A-4216CDA55C46}.AppStore|ARM.ActiveCfg = Debug|Any CPU
		{7BF0233F-0FDA-4E20-869A-4216CDA55C46}.AppStore|ARM.Build.0 = Debug|Any CPU
		{7BF0233F-0FDA-4E20-869A-4216CDA55C46}.AppStore|iPhone.ActiveCfg = Debug|Any CPU
		{7BF0233F-0FDA-4E20-869A-4216CDA55C46}.AppStore|iPhone.Build.0 = Debug|Any CPU
		{7BF0233F-0FDA-4E20-869A-4216CDA55C46}.AppStore|iPhoneSimulator.ActiveCfg = Debug|Any CPU
		{7BF0233F-0FDA-4E20-869A-4216CDA55C46}.AppStore|iPhoneSimulator.Build.0 = Debug|Any CPU
		{7BF0233F-0FDA-4E20-869A-4216CDA55C46}.AppStore|x64.ActiveCfg = Debug|Any CPU
		{7BF0233F-0FDA-4E20-869A-4216CDA55C46}.AppStore|x64.Build.0 = Debug|Any CPU
		{7BF0233F-0FDA-4E20-869A-4216CDA55C46}.AppStore|x86.ActiveCfg = Debug|Any CPU
		{7BF0233F-0FDA-4E20-869A-4216CDA55C46}.AppStore|x86.Build.0 = Debug|Any CPU
		{7BF0233F-0FDA-4E20-869A-4216CDA55C46}.Debug|Any CPU.ActiveCfg = Debug|Any CPU
		{7BF0233F-0FDA-4E20-869A-4216CDA55C46}.Debug|Any CPU.Build.0 = Debug|Any CPU
		{7BF0233F-0FDA-4E20-869A-4216CDA55C46}.Debug|ARM.ActiveCfg = Debug|Any CPU
		{7BF0233F-0FDA-4E20-869A-4216CDA55C46}.Debug|ARM.Build.0 = Debug|Any CPU
		{7BF0233F-0FDA-4E20-869A-4216CDA55C46}.Debug|iPhone.ActiveCfg = Debug|Any CPU
		{7BF0233F-0FDA-4E20-869A-4216CDA55C46}.Debug|iPhone.Build.0 = Debug|Any CPU
		{7BF0233F-0FDA-4E20-869A-4216CDA55C46}.Debug|iPhoneSimulator.ActiveCfg = Debug|Any CPU
		{7BF0233F-0FDA-4E20-869A-4216CDA55C46}.Debug|iPhoneSimulator.Build.0 = Debug|Any CPU
		{7BF0233F-0FDA-4E20-869A-4216CDA55C46}.Debug|x64.ActiveCfg = Debug|Any CPU
		{7BF0233F-0FDA-4E20-869A-4216CDA55C46}.Debug|x64.Build.0 = Debug|Any CPU
		{7BF0233F-0FDA-4E20-869A-4216CDA55C46}.Debug|x86.ActiveCfg = Debug|Any CPU
		{7BF0233F-0FDA-4E20-869A-4216CDA55C46}.Debug|x86.Build.0 = Debug|Any CPU
		{7BF0233F-0FDA-4E20-869A-4216CDA55C46}.Release|Any CPU.ActiveCfg = Release|Any CPU
		{7BF0233F-0FDA-4E20-869A-4216CDA55C46}.Release|Any CPU.Build.0 = Release|Any CPU
		{7BF0233F-0FDA-4E20-869A-4216CDA55C46}.Release|ARM.ActiveCfg = Release|Any CPU
		{7BF0233F-0FDA-4E20-869A-4216CDA55C46}.Release|ARM.Build.0 = Release|Any CPU
		{7BF0233F-0FDA-4E20-869A-4216CDA55C46}.Release|iPhone.ActiveCfg = Release|Any CPU
		{7BF0233F-0FDA-4E20-869A-4216CDA55C46}.Release|iPhone.Build.0 = Release|Any CPU
		{7BF0233F-0FDA-4E20-869A-4216CDA55C46}.Release|iPhoneSimulator.ActiveCfg = Release|Any CPU
		{7BF0233F-0FDA-4E20-869A-4216CDA55C46}.Release|iPhoneSimulator.Build.0 = Release|Any CPU
		{7BF0233F-0FDA-4E20-869A-4216CDA55C46}.Release|x64.ActiveCfg = Release|Any CPU
		{7BF0233F-0FDA-4E20-869A-4216CDA55C46}.Release|x64.Build.0 = Release|Any CPU
		{7BF0233F-0FDA-4E20-869A-4216CDA55C46}.Release|x86.ActiveCfg = Release|Any CPU
		{7BF0233F-0FDA-4E20-869A-4216CDA55C46}.Release|x86.Build.0 = Release|Any CPU
		{A29F73D2-650F-40A1-A390-78AB00D950B0}.Ad-Hoc|Any CPU.ActiveCfg = Debug|Any CPU
		{A29F73D2-650F-40A1-A390-78AB00D950B0}.Ad-Hoc|Any CPU.Build.0 = Debug|Any CPU
		{A29F73D2-650F-40A1-A390-78AB00D950B0}.Ad-Hoc|ARM.ActiveCfg = Debug|Any CPU
		{A29F73D2-650F-40A1-A390-78AB00D950B0}.Ad-Hoc|ARM.Build.0 = Debug|Any CPU
		{A29F73D2-650F-40A1-A390-78AB00D950B0}.Ad-Hoc|iPhone.ActiveCfg = Debug|Any CPU
		{A29F73D2-650F-40A1-A390-78AB00D950B0}.Ad-Hoc|iPhone.Build.0 = Debug|Any CPU
		{A29F73D2-650F-40A1-A390-78AB00D950B0}.Ad-Hoc|iPhoneSimulator.ActiveCfg = Debug|Any CPU
		{A29F73D2-650F-40A1-A390-78AB00D950B0}.Ad-Hoc|iPhoneSimulator.Build.0 = Debug|Any CPU
		{A29F73D2-650F-40A1-A390-78AB00D950B0}.Ad-Hoc|x64.ActiveCfg = Debug|Any CPU
		{A29F73D2-650F-40A1-A390-78AB00D950B0}.Ad-Hoc|x64.Build.0 = Debug|Any CPU
		{A29F73D2-650F-40A1-A390-78AB00D950B0}.Ad-Hoc|x86.ActiveCfg = Debug|Any CPU
		{A29F73D2-650F-40A1-A390-78AB00D950B0}.Ad-Hoc|x86.Build.0 = Debug|Any CPU
		{A29F73D2-650F-40A1-A390-78AB00D950B0}.AppStore|Any CPU.ActiveCfg = Debug|Any CPU
		{A29F73D2-650F-40A1-A390-78AB00D950B0}.AppStore|Any CPU.Build.0 = Debug|Any CPU
		{A29F73D2-650F-40A1-A390-78AB00D950B0}.AppStore|ARM.ActiveCfg = Debug|Any CPU
		{A29F73D2-650F-40A1-A390-78AB00D950B0}.AppStore|ARM.Build.0 = Debug|Any CPU
		{A29F73D2-650F-40A1-A390-78AB00D950B0}.AppStore|iPhone.ActiveCfg = Debug|Any CPU
		{A29F73D2-650F-40A1-A390-78AB00D950B0}.AppStore|iPhone.Build.0 = Debug|Any CPU
		{A29F73D2-650F-40A1-A390-78AB00D950B0}.AppStore|iPhoneSimulator.ActiveCfg = Debug|Any CPU
		{A29F73D2-650F-40A1-A390-78AB00D950B0}.AppStore|iPhoneSimulator.Build.0 = Debug|Any CPU
		{A29F73D2-650F-40A1-A390-78AB00D950B0}.AppStore|x64.ActiveCfg = Debug|Any CPU
		{A29F73D2-650F-40A1-A390-78AB00D950B0}.AppStore|x64.Build.0 = Debug|Any CPU
		{A29F73D2-650F-40A1-A390-78AB00D950B0}.AppStore|x86.ActiveCfg = Debug|Any CPU
		{A29F73D2-650F-40A1-A390-78AB00D950B0}.AppStore|x86.Build.0 = Debug|Any CPU
		{A29F73D2-650F-40A1-A390-78AB00D950B0}.Debug|Any CPU.ActiveCfg = Debug|Any CPU
		{A29F73D2-650F-40A1-A390-78AB00D950B0}.Debug|Any CPU.Build.0 = Debug|Any CPU
		{A29F73D2-650F-40A1-A390-78AB00D950B0}.Debug|ARM.ActiveCfg = Debug|Any CPU
		{A29F73D2-650F-40A1-A390-78AB00D950B0}.Debug|ARM.Build.0 = Debug|Any CPU
		{A29F73D2-650F-40A1-A390-78AB00D950B0}.Debug|iPhone.ActiveCfg = Debug|Any CPU
		{A29F73D2-650F-40A1-A390-78AB00D950B0}.Debug|iPhone.Build.0 = Debug|Any CPU
		{A29F73D2-650F-40A1-A390-78AB00D950B0}.Debug|iPhoneSimulator.ActiveCfg = Debug|Any CPU
		{A29F73D2-650F-40A1-A390-78AB00D950B0}.Debug|iPhoneSimulator.Build.0 = Debug|Any CPU
		{A29F73D2-650F-40A1-A390-78AB00D950B0}.Debug|x64.ActiveCfg = Debug|Any CPU
		{A29F73D2-650F-40A1-A390-78AB00D950B0}.Debug|x64.Build.0 = Debug|Any CPU
		{A29F73D2-650F-40A1-A390-78AB00D950B0}.Debug|x86.ActiveCfg = Debug|Any CPU
		{A29F73D2-650F-40A1-A390-78AB00D950B0}.Debug|x86.Build.0 = Debug|Any CPU
		{A29F73D2-650F-40A1-A390-78AB00D950B0}.Release|Any CPU.ActiveCfg = Release|Any CPU
		{A29F73D2-650F-40A1-A390-78AB00D950B0}.Release|Any CPU.Build.0 = Release|Any CPU
		{A29F73D2-650F-40A1-A390-78AB00D950B0}.Release|ARM.ActiveCfg = Release|Any CPU
		{A29F73D2-650F-40A1-A390-78AB00D950B0}.Release|ARM.Build.0 = Release|Any CPU
		{A29F73D2-650F-40A1-A390-78AB00D950B0}.Release|iPhone.ActiveCfg = Release|Any CPU
		{A29F73D2-650F-40A1-A390-78AB00D950B0}.Release|iPhone.Build.0 = Release|Any CPU
		{A29F73D2-650F-40A1-A390-78AB00D950B0}.Release|iPhoneSimulator.ActiveCfg = Release|Any CPU
		{A29F73D2-650F-40A1-A390-78AB00D950B0}.Release|iPhoneSimulator.Build.0 = Release|Any CPU
		{A29F73D2-650F-40A1-A390-78AB00D950B0}.Release|x64.ActiveCfg = Release|Any CPU
		{A29F73D2-650F-40A1-A390-78AB00D950B0}.Release|x64.Build.0 = Release|Any CPU
		{A29F73D2-650F-40A1-A390-78AB00D950B0}.Release|x86.ActiveCfg = Release|Any CPU
		{A29F73D2-650F-40A1-A390-78AB00D950B0}.Release|x86.Build.0 = Release|Any CPU
		{B6ABFA11-5A9D-4959-A037-5FC9BC1BDF3F}.Ad-Hoc|Any CPU.ActiveCfg = Debug|Any CPU
		{B6ABFA11-5A9D-4959-A037-5FC9BC1BDF3F}.Ad-Hoc|Any CPU.Build.0 = Debug|Any CPU
		{B6ABFA11-5A9D-4959-A037-5FC9BC1BDF3F}.Ad-Hoc|ARM.ActiveCfg = Debug|Any CPU
		{B6ABFA11-5A9D-4959-A037-5FC9BC1BDF3F}.Ad-Hoc|ARM.Build.0 = Debug|Any CPU
		{B6ABFA11-5A9D-4959-A037-5FC9BC1BDF3F}.Ad-Hoc|iPhone.ActiveCfg = Debug|Any CPU
		{B6ABFA11-5A9D-4959-A037-5FC9BC1BDF3F}.Ad-Hoc|iPhone.Build.0 = Debug|Any CPU
		{B6ABFA11-5A9D-4959-A037-5FC9BC1BDF3F}.Ad-Hoc|iPhoneSimulator.ActiveCfg = Debug|Any CPU
		{B6ABFA11-5A9D-4959-A037-5FC9BC1BDF3F}.Ad-Hoc|iPhoneSimulator.Build.0 = Debug|Any CPU
		{B6ABFA11-5A9D-4959-A037-5FC9BC1BDF3F}.Ad-Hoc|x64.ActiveCfg = Debug|Any CPU
		{B6ABFA11-5A9D-4959-A037-5FC9BC1BDF3F}.Ad-Hoc|x64.Build.0 = Debug|Any CPU
		{B6ABFA11-5A9D-4959-A037-5FC9BC1BDF3F}.Ad-Hoc|x86.ActiveCfg = Debug|Any CPU
		{B6ABFA11-5A9D-4959-A037-5FC9BC1BDF3F}.Ad-Hoc|x86.Build.0 = Debug|Any CPU
		{B6ABFA11-5A9D-4959-A037-5FC9BC1BDF3F}.AppStore|Any CPU.ActiveCfg = Debug|Any CPU
		{B6ABFA11-5A9D-4959-A037-5FC9BC1BDF3F}.AppStore|Any CPU.Build.0 = Debug|Any CPU
		{B6ABFA11-5A9D-4959-A037-5FC9BC1BDF3F}.AppStore|ARM.ActiveCfg = Debug|Any CPU
		{B6ABFA11-5A9D-4959-A037-5FC9BC1BDF3F}.AppStore|ARM.Build.0 = Debug|Any CPU
		{B6ABFA11-5A9D-4959-A037-5FC9BC1BDF3F}.AppStore|iPhone.ActiveCfg = Debug|Any CPU
		{B6ABFA11-5A9D-4959-A037-5FC9BC1BDF3F}.AppStore|iPhone.Build.0 = Debug|Any CPU
		{B6ABFA11-5A9D-4959-A037-5FC9BC1BDF3F}.AppStore|iPhoneSimulator.ActiveCfg = Debug|Any CPU
		{B6ABFA11-5A9D-4959-A037-5FC9BC1BDF3F}.AppStore|iPhoneSimulator.Build.0 = Debug|Any CPU
		{B6ABFA11-5A9D-4959-A037-5FC9BC1BDF3F}.AppStore|x64.ActiveCfg = Debug|Any CPU
		{B6ABFA11-5A9D-4959-A037-5FC9BC1BDF3F}.AppStore|x64.Build.0 = Debug|Any CPU
		{B6ABFA11-5A9D-4959-A037-5FC9BC1BDF3F}.AppStore|x86.ActiveCfg = Debug|Any CPU
		{B6ABFA11-5A9D-4959-A037-5FC9BC1BDF3F}.AppStore|x86.Build.0 = Debug|Any CPU
		{B6ABFA11-5A9D-4959-A037-5FC9BC1BDF3F}.Debug|Any CPU.ActiveCfg = Debug|Any CPU
		{B6ABFA11-5A9D-4959-A037-5FC9BC1BDF3F}.Debug|Any CPU.Build.0 = Debug|Any CPU
		{B6ABFA11-5A9D-4959-A037-5FC9BC1BDF3F}.Debug|ARM.ActiveCfg = Debug|Any CPU
		{B6ABFA11-5A9D-4959-A037-5FC9BC1BDF3F}.Debug|ARM.Build.0 = Debug|Any CPU
		{B6ABFA11-5A9D-4959-A037-5FC9BC1BDF3F}.Debug|iPhone.ActiveCfg = Debug|Any CPU
		{B6ABFA11-5A9D-4959-A037-5FC9BC1BDF3F}.Debug|iPhone.Build.0 = Debug|Any CPU
		{B6ABFA11-5A9D-4959-A037-5FC9BC1BDF3F}.Debug|iPhoneSimulator.ActiveCfg = Debug|Any CPU
		{B6ABFA11-5A9D-4959-A037-5FC9BC1BDF3F}.Debug|iPhoneSimulator.Build.0 = Debug|Any CPU
		{B6ABFA11-5A9D-4959-A037-5FC9BC1BDF3F}.Debug|x64.ActiveCfg = Debug|Any CPU
		{B6ABFA11-5A9D-4959-A037-5FC9BC1BDF3F}.Debug|x64.Build.0 = Debug|Any CPU
		{B6ABFA11-5A9D-4959-A037-5FC9BC1BDF3F}.Debug|x86.ActiveCfg = Debug|Any CPU
		{B6ABFA11-5A9D-4959-A037-5FC9BC1BDF3F}.Debug|x86.Build.0 = Debug|Any CPU
		{B6ABFA11-5A9D-4959-A037-5FC9BC1BDF3F}.Release|Any CPU.ActiveCfg = Release|Any CPU
		{B6ABFA11-5A9D-4959-A037-5FC9BC1BDF3F}.Release|Any CPU.Build.0 = Release|Any CPU
		{B6ABFA11-5A9D-4959-A037-5FC9BC1BDF3F}.Release|ARM.ActiveCfg = Release|Any CPU
		{B6ABFA11-5A9D-4959-A037-5FC9BC1BDF3F}.Release|ARM.Build.0 = Release|Any CPU
		{B6ABFA11-5A9D-4959-A037-5FC9BC1BDF3F}.Release|iPhone.ActiveCfg = Release|Any CPU
		{B6ABFA11-5A9D-4959-A037-5FC9BC1BDF3F}.Release|iPhone.Build.0 = Release|Any CPU
		{B6ABFA11-5A9D-4959-A037-5FC9BC1BDF3F}.Release|iPhoneSimulator.ActiveCfg = Release|Any CPU
		{B6ABFA11-5A9D-4959-A037-5FC9BC1BDF3F}.Release|iPhoneSimulator.Build.0 = Release|Any CPU
		{B6ABFA11-5A9D-4959-A037-5FC9BC1BDF3F}.Release|x64.ActiveCfg = Release|Any CPU
		{B6ABFA11-5A9D-4959-A037-5FC9BC1BDF3F}.Release|x64.Build.0 = Release|Any CPU
		{B6ABFA11-5A9D-4959-A037-5FC9BC1BDF3F}.Release|x86.ActiveCfg = Release|Any CPU
		{B6ABFA11-5A9D-4959-A037-5FC9BC1BDF3F}.Release|x86.Build.0 = Release|Any CPU
		{B941CCFA-3B89-4319-9F5B-18EF87B56462}.Ad-Hoc|Any CPU.ActiveCfg = Debug|Any CPU
		{B941CCFA-3B89-4319-9F5B-18EF87B56462}.Ad-Hoc|Any CPU.Build.0 = Debug|Any CPU
		{B941CCFA-3B89-4319-9F5B-18EF87B56462}.Ad-Hoc|ARM.ActiveCfg = Debug|Any CPU
		{B941CCFA-3B89-4319-9F5B-18EF87B56462}.Ad-Hoc|ARM.Build.0 = Debug|Any CPU
		{B941CCFA-3B89-4319-9F5B-18EF87B56462}.Ad-Hoc|iPhone.ActiveCfg = Debug|Any CPU
		{B941CCFA-3B89-4319-9F5B-18EF87B56462}.Ad-Hoc|iPhone.Build.0 = Debug|Any CPU
		{B941CCFA-3B89-4319-9F5B-18EF87B56462}.Ad-Hoc|iPhoneSimulator.ActiveCfg = Debug|Any CPU
		{B941CCFA-3B89-4319-9F5B-18EF87B56462}.Ad-Hoc|iPhoneSimulator.Build.0 = Debug|Any CPU
		{B941CCFA-3B89-4319-9F5B-18EF87B56462}.Ad-Hoc|x64.ActiveCfg = Debug|Any CPU
		{B941CCFA-3B89-4319-9F5B-18EF87B56462}.Ad-Hoc|x64.Build.0 = Debug|Any CPU
		{B941CCFA-3B89-4319-9F5B-18EF87B56462}.Ad-Hoc|x86.ActiveCfg = Debug|Any CPU
		{B941CCFA-3B89-4319-9F5B-18EF87B56462}.Ad-Hoc|x86.Build.0 = Debug|Any CPU
		{B941CCFA-3B89-4319-9F5B-18EF87B56462}.AppStore|Any CPU.ActiveCfg = Debug|Any CPU
		{B941CCFA-3B89-4319-9F5B-18EF87B56462}.AppStore|Any CPU.Build.0 = Debug|Any CPU
		{B941CCFA-3B89-4319-9F5B-18EF87B56462}.AppStore|ARM.ActiveCfg = Debug|Any CPU
		{B941CCFA-3B89-4319-9F5B-18EF87B56462}.AppStore|ARM.Build.0 = Debug|Any CPU
		{B941CCFA-3B89-4319-9F5B-18EF87B56462}.AppStore|iPhone.ActiveCfg = Debug|Any CPU
		{B941CCFA-3B89-4319-9F5B-18EF87B56462}.AppStore|iPhone.Build.0 = Debug|Any CPU
		{B941CCFA-3B89-4319-9F5B-18EF87B56462}.AppStore|iPhoneSimulator.ActiveCfg = Debug|Any CPU
		{B941CCFA-3B89-4319-9F5B-18EF87B56462}.AppStore|iPhoneSimulator.Build.0 = Debug|Any CPU
		{B941CCFA-3B89-4319-9F5B-18EF87B56462}.AppStore|x64.ActiveCfg = Debug|Any CPU
		{B941CCFA-3B89-4319-9F5B-18EF87B56462}.AppStore|x64.Build.0 = Debug|Any CPU
		{B941CCFA-3B89-4319-9F5B-18EF87B56462}.AppStore|x86.ActiveCfg = Debug|Any CPU
		{B941CCFA-3B89-4319-9F5B-18EF87B56462}.AppStore|x86.Build.0 = Debug|Any CPU
		{B941CCFA-3B89-4319-9F5B-18EF87B56462}.Debug|Any CPU.ActiveCfg = Debug|Any CPU
		{B941CCFA-3B89-4319-9F5B-18EF87B56462}.Debug|Any CPU.Build.0 = Debug|Any CPU
		{B941CCFA-3B89-4319-9F5B-18EF87B56462}.Debug|ARM.ActiveCfg = Debug|Any CPU
		{B941CCFA-3B89-4319-9F5B-18EF87B56462}.Debug|ARM.Build.0 = Debug|Any CPU
		{B941CCFA-3B89-4319-9F5B-18EF87B56462}.Debug|iPhone.ActiveCfg = Debug|Any CPU
		{B941CCFA-3B89-4319-9F5B-18EF87B56462}.Debug|iPhone.Build.0 = Debug|Any CPU
		{B941CCFA-3B89-4319-9F5B-18EF87B56462}.Debug|iPhoneSimulator.ActiveCfg = Debug|Any CPU
		{B941CCFA-3B89-4319-9F5B-18EF87B56462}.Debug|iPhoneSimulator.Build.0 = Debug|Any CPU
		{B941CCFA-3B89-4319-9F5B-18EF87B56462}.Debug|x64.ActiveCfg = Debug|Any CPU
		{B941CCFA-3B89-4319-9F5B-18EF87B56462}.Debug|x64.Build.0 = Debug|Any CPU
		{B941CCFA-3B89-4319-9F5B-18EF87B56462}.Debug|x86.ActiveCfg = Debug|Any CPU
		{B941CCFA-3B89-4319-9F5B-18EF87B56462}.Debug|x86.Build.0 = Debug|Any CPU
		{B941CCFA-3B89-4319-9F5B-18EF87B56462}.Release|Any CPU.ActiveCfg = Release|Any CPU
		{B941CCFA-3B89-4319-9F5B-18EF87B56462}.Release|Any CPU.Build.0 = Release|Any CPU
		{B941CCFA-3B89-4319-9F5B-18EF87B56462}.Release|ARM.ActiveCfg = Release|Any CPU
		{B941CCFA-3B89-4319-9F5B-18EF87B56462}.Release|ARM.Build.0 = Release|Any CPU
		{B941CCFA-3B89-4319-9F5B-18EF87B56462}.Release|iPhone.ActiveCfg = Release|Any CPU
		{B941CCFA-3B89-4319-9F5B-18EF87B56462}.Release|iPhone.Build.0 = Release|Any CPU
		{B941CCFA-3B89-4319-9F5B-18EF87B56462}.Release|iPhoneSimulator.ActiveCfg = Release|Any CPU
		{B941CCFA-3B89-4319-9F5B-18EF87B56462}.Release|iPhoneSimulator.Build.0 = Release|Any CPU
		{B941CCFA-3B89-4319-9F5B-18EF87B56462}.Release|x64.ActiveCfg = Release|Any CPU
		{B941CCFA-3B89-4319-9F5B-18EF87B56462}.Release|x64.Build.0 = Release|Any CPU
		{B941CCFA-3B89-4319-9F5B-18EF87B56462}.Release|x86.ActiveCfg = Release|Any CPU
		{B941CCFA-3B89-4319-9F5B-18EF87B56462}.Release|x86.Build.0 = Release|Any CPU
		{A92212F1-0FC5-4ED7-9545-AD3CBF1F3469}.Ad-Hoc|Any CPU.ActiveCfg = Debug|Any CPU
		{A92212F1-0FC5-4ED7-9545-AD3CBF1F3469}.Ad-Hoc|Any CPU.Build.0 = Debug|Any CPU
		{A92212F1-0FC5-4ED7-9545-AD3CBF1F3469}.Ad-Hoc|ARM.ActiveCfg = Debug|Any CPU
		{A92212F1-0FC5-4ED7-9545-AD3CBF1F3469}.Ad-Hoc|ARM.Build.0 = Debug|Any CPU
		{A92212F1-0FC5-4ED7-9545-AD3CBF1F3469}.Ad-Hoc|iPhone.ActiveCfg = Debug|Any CPU
		{A92212F1-0FC5-4ED7-9545-AD3CBF1F3469}.Ad-Hoc|iPhone.Build.0 = Debug|Any CPU
		{A92212F1-0FC5-4ED7-9545-AD3CBF1F3469}.Ad-Hoc|iPhoneSimulator.ActiveCfg = Debug|Any CPU
		{A92212F1-0FC5-4ED7-9545-AD3CBF1F3469}.Ad-Hoc|iPhoneSimulator.Build.0 = Debug|Any CPU
		{A92212F1-0FC5-4ED7-9545-AD3CBF1F3469}.Ad-Hoc|x64.ActiveCfg = Debug|Any CPU
		{A92212F1-0FC5-4ED7-9545-AD3CBF1F3469}.Ad-Hoc|x64.Build.0 = Debug|Any CPU
		{A92212F1-0FC5-4ED7-9545-AD3CBF1F3469}.Ad-Hoc|x86.ActiveCfg = Debug|Any CPU
		{A92212F1-0FC5-4ED7-9545-AD3CBF1F3469}.Ad-Hoc|x86.Build.0 = Debug|Any CPU
		{A92212F1-0FC5-4ED7-9545-AD3CBF1F3469}.AppStore|Any CPU.ActiveCfg = Debug|Any CPU
		{A92212F1-0FC5-4ED7-9545-AD3CBF1F3469}.AppStore|Any CPU.Build.0 = Debug|Any CPU
		{A92212F1-0FC5-4ED7-9545-AD3CBF1F3469}.AppStore|ARM.ActiveCfg = Debug|Any CPU
		{A92212F1-0FC5-4ED7-9545-AD3CBF1F3469}.AppStore|ARM.Build.0 = Debug|Any CPU
		{A92212F1-0FC5-4ED7-9545-AD3CBF1F3469}.AppStore|iPhone.ActiveCfg = Debug|Any CPU
		{A92212F1-0FC5-4ED7-9545-AD3CBF1F3469}.AppStore|iPhone.Build.0 = Debug|Any CPU
		{A92212F1-0FC5-4ED7-9545-AD3CBF1F3469}.AppStore|iPhoneSimulator.ActiveCfg = Debug|Any CPU
		{A92212F1-0FC5-4ED7-9545-AD3CBF1F3469}.AppStore|iPhoneSimulator.Build.0 = Debug|Any CPU
		{A92212F1-0FC5-4ED7-9545-AD3CBF1F3469}.AppStore|x64.ActiveCfg = Debug|Any CPU
		{A92212F1-0FC5-4ED7-9545-AD3CBF1F3469}.AppStore|x64.Build.0 = Debug|Any CPU
		{A92212F1-0FC5-4ED7-9545-AD3CBF1F3469}.AppStore|x86.ActiveCfg = Debug|Any CPU
		{A92212F1-0FC5-4ED7-9545-AD3CBF1F3469}.AppStore|x86.Build.0 = Debug|Any CPU
		{A92212F1-0FC5-4ED7-9545-AD3CBF1F3469}.Debug|Any CPU.ActiveCfg = Debug|Any CPU
		{A92212F1-0FC5-4ED7-9545-AD3CBF1F3469}.Debug|Any CPU.Build.0 = Debug|Any CPU
		{A92212F1-0FC5-4ED7-9545-AD3CBF1F3469}.Debug|ARM.ActiveCfg = Debug|Any CPU
		{A92212F1-0FC5-4ED7-9545-AD3CBF1F3469}.Debug|ARM.Build.0 = Debug|Any CPU
		{A92212F1-0FC5-4ED7-9545-AD3CBF1F3469}.Debug|iPhone.ActiveCfg = Debug|Any CPU
		{A92212F1-0FC5-4ED7-9545-AD3CBF1F3469}.Debug|iPhone.Build.0 = Debug|Any CPU
		{A92212F1-0FC5-4ED7-9545-AD3CBF1F3469}.Debug|iPhoneSimulator.ActiveCfg = Debug|Any CPU
		{A92212F1-0FC5-4ED7-9545-AD3CBF1F3469}.Debug|iPhoneSimulator.Build.0 = Debug|Any CPU
		{A92212F1-0FC5-4ED7-9545-AD3CBF1F3469}.Debug|x64.ActiveCfg = Debug|Any CPU
		{A92212F1-0FC5-4ED7-9545-AD3CBF1F3469}.Debug|x64.Build.0 = Debug|Any CPU
		{A92212F1-0FC5-4ED7-9545-AD3CBF1F3469}.Debug|x86.ActiveCfg = Debug|Any CPU
		{A92212F1-0FC5-4ED7-9545-AD3CBF1F3469}.Debug|x86.Build.0 = Debug|Any CPU
		{A92212F1-0FC5-4ED7-9545-AD3CBF1F3469}.Release|Any CPU.ActiveCfg = Release|Any CPU
		{A92212F1-0FC5-4ED7-9545-AD3CBF1F3469}.Release|Any CPU.Build.0 = Release|Any CPU
		{A92212F1-0FC5-4ED7-9545-AD3CBF1F3469}.Release|ARM.ActiveCfg = Release|Any CPU
		{A92212F1-0FC5-4ED7-9545-AD3CBF1F3469}.Release|ARM.Build.0 = Release|Any CPU
		{A92212F1-0FC5-4ED7-9545-AD3CBF1F3469}.Release|iPhone.ActiveCfg = Release|Any CPU
		{A92212F1-0FC5-4ED7-9545-AD3CBF1F3469}.Release|iPhone.Build.0 = Release|Any CPU
		{A92212F1-0FC5-4ED7-9545-AD3CBF1F3469}.Release|iPhoneSimulator.ActiveCfg = Release|Any CPU
		{A92212F1-0FC5-4ED7-9545-AD3CBF1F3469}.Release|iPhoneSimulator.Build.0 = Release|Any CPU
		{A92212F1-0FC5-4ED7-9545-AD3CBF1F3469}.Release|x64.ActiveCfg = Release|Any CPU
		{A92212F1-0FC5-4ED7-9545-AD3CBF1F3469}.Release|x64.Build.0 = Release|Any CPU
		{A92212F1-0FC5-4ED7-9545-AD3CBF1F3469}.Release|x86.ActiveCfg = Release|Any CPU
		{A92212F1-0FC5-4ED7-9545-AD3CBF1F3469}.Release|x86.Build.0 = Release|Any CPU
		{AA879603-53F7-4928-9918-F3F7A05A5993}.Ad-Hoc|Any CPU.ActiveCfg = Release|Any CPU
		{AA879603-53F7-4928-9918-F3F7A05A5993}.Ad-Hoc|Any CPU.Build.0 = Release|Any CPU
		{AA879603-53F7-4928-9918-F3F7A05A5993}.Ad-Hoc|ARM.ActiveCfg = Release|ARM
		{AA879603-53F7-4928-9918-F3F7A05A5993}.Ad-Hoc|ARM.Build.0 = Release|ARM
		{AA879603-53F7-4928-9918-F3F7A05A5993}.Ad-Hoc|iPhone.ActiveCfg = Release|Any CPU
		{AA879603-53F7-4928-9918-F3F7A05A5993}.Ad-Hoc|iPhone.Build.0 = Release|Any CPU
		{AA879603-53F7-4928-9918-F3F7A05A5993}.Ad-Hoc|iPhoneSimulator.ActiveCfg = Release|Any CPU
		{AA879603-53F7-4928-9918-F3F7A05A5993}.Ad-Hoc|iPhoneSimulator.Build.0 = Release|Any CPU
		{AA879603-53F7-4928-9918-F3F7A05A5993}.Ad-Hoc|x64.ActiveCfg = Release|x64
		{AA879603-53F7-4928-9918-F3F7A05A5993}.Ad-Hoc|x64.Build.0 = Release|x64
		{AA879603-53F7-4928-9918-F3F7A05A5993}.Ad-Hoc|x86.ActiveCfg = Release|x86
		{AA879603-53F7-4928-9918-F3F7A05A5993}.Ad-Hoc|x86.Build.0 = Release|x86
		{AA879603-53F7-4928-9918-F3F7A05A5993}.AppStore|Any CPU.ActiveCfg = Release|Any CPU
		{AA879603-53F7-4928-9918-F3F7A05A5993}.AppStore|Any CPU.Build.0 = Release|Any CPU
		{AA879603-53F7-4928-9918-F3F7A05A5993}.AppStore|ARM.ActiveCfg = Release|ARM
		{AA879603-53F7-4928-9918-F3F7A05A5993}.AppStore|ARM.Build.0 = Release|ARM
		{AA879603-53F7-4928-9918-F3F7A05A5993}.AppStore|iPhone.ActiveCfg = Release|Any CPU
		{AA879603-53F7-4928-9918-F3F7A05A5993}.AppStore|iPhone.Build.0 = Release|Any CPU
		{AA879603-53F7-4928-9918-F3F7A05A5993}.AppStore|iPhoneSimulator.ActiveCfg = Release|Any CPU
		{AA879603-53F7-4928-9918-F3F7A05A5993}.AppStore|iPhoneSimulator.Build.0 = Release|Any CPU
		{AA879603-53F7-4928-9918-F3F7A05A5993}.AppStore|x64.ActiveCfg = Release|x64
		{AA879603-53F7-4928-9918-F3F7A05A5993}.AppStore|x64.Build.0 = Release|x64
		{AA879603-53F7-4928-9918-F3F7A05A5993}.AppStore|x86.ActiveCfg = Release|x86
		{AA879603-53F7-4928-9918-F3F7A05A5993}.AppStore|x86.Build.0 = Release|x86
		{AA879603-53F7-4928-9918-F3F7A05A5993}.Debug|Any CPU.ActiveCfg = Debug|Any CPU
		{AA879603-53F7-4928-9918-F3F7A05A5993}.Debug|Any CPU.Build.0 = Debug|Any CPU
		{AA879603-53F7-4928-9918-F3F7A05A5993}.Debug|ARM.ActiveCfg = Debug|ARM
		{AA879603-53F7-4928-9918-F3F7A05A5993}.Debug|ARM.Build.0 = Debug|ARM
		{AA879603-53F7-4928-9918-F3F7A05A5993}.Debug|iPhone.ActiveCfg = Debug|Any CPU
		{AA879603-53F7-4928-9918-F3F7A05A5993}.Debug|iPhone.Build.0 = Debug|Any CPU
		{AA879603-53F7-4928-9918-F3F7A05A5993}.Debug|iPhoneSimulator.ActiveCfg = Debug|Any CPU
		{AA879603-53F7-4928-9918-F3F7A05A5993}.Debug|iPhoneSimulator.Build.0 = Debug|Any CPU
		{AA879603-53F7-4928-9918-F3F7A05A5993}.Debug|x64.ActiveCfg = Debug|x64
		{AA879603-53F7-4928-9918-F3F7A05A5993}.Debug|x64.Build.0 = Debug|x64
		{AA879603-53F7-4928-9918-F3F7A05A5993}.Debug|x86.ActiveCfg = Debug|x86
		{AA879603-53F7-4928-9918-F3F7A05A5993}.Debug|x86.Build.0 = Debug|x86
		{AA879603-53F7-4928-9918-F3F7A05A5993}.Release|Any CPU.ActiveCfg = Release|Any CPU
		{AA879603-53F7-4928-9918-F3F7A05A5993}.Release|Any CPU.Build.0 = Release|Any CPU
		{AA879603-53F7-4928-9918-F3F7A05A5993}.Release|ARM.ActiveCfg = Release|ARM
		{AA879603-53F7-4928-9918-F3F7A05A5993}.Release|ARM.Build.0 = Release|ARM
		{AA879603-53F7-4928-9918-F3F7A05A5993}.Release|iPhone.ActiveCfg = Release|Any CPU
		{AA879603-53F7-4928-9918-F3F7A05A5993}.Release|iPhone.Build.0 = Release|Any CPU
		{AA879603-53F7-4928-9918-F3F7A05A5993}.Release|iPhoneSimulator.ActiveCfg = Release|Any CPU
		{AA879603-53F7-4928-9918-F3F7A05A5993}.Release|iPhoneSimulator.Build.0 = Release|Any CPU
		{AA879603-53F7-4928-9918-F3F7A05A5993}.Release|x64.ActiveCfg = Release|x64
		{AA879603-53F7-4928-9918-F3F7A05A5993}.Release|x64.Build.0 = Release|x64
		{AA879603-53F7-4928-9918-F3F7A05A5993}.Release|x86.ActiveCfg = Release|x86
		{AA879603-53F7-4928-9918-F3F7A05A5993}.Release|x86.Build.0 = Release|x86
		{318FDCC7-ABF3-43C9-A8C4-4786DA201F34}.Ad-Hoc|Any CPU.ActiveCfg = Debug|Any CPU
		{318FDCC7-ABF3-43C9-A8C4-4786DA201F34}.Ad-Hoc|Any CPU.Build.0 = Debug|Any CPU
		{318FDCC7-ABF3-43C9-A8C4-4786DA201F34}.Ad-Hoc|ARM.ActiveCfg = Debug|Any CPU
		{318FDCC7-ABF3-43C9-A8C4-4786DA201F34}.Ad-Hoc|ARM.Build.0 = Debug|Any CPU
		{318FDCC7-ABF3-43C9-A8C4-4786DA201F34}.Ad-Hoc|iPhone.ActiveCfg = Debug|Any CPU
		{318FDCC7-ABF3-43C9-A8C4-4786DA201F34}.Ad-Hoc|iPhone.Build.0 = Debug|Any CPU
		{318FDCC7-ABF3-43C9-A8C4-4786DA201F34}.Ad-Hoc|iPhoneSimulator.ActiveCfg = Debug|Any CPU
		{318FDCC7-ABF3-43C9-A8C4-4786DA201F34}.Ad-Hoc|iPhoneSimulator.Build.0 = Debug|Any CPU
		{318FDCC7-ABF3-43C9-A8C4-4786DA201F34}.Ad-Hoc|x64.ActiveCfg = Debug|Any CPU
		{318FDCC7-ABF3-43C9-A8C4-4786DA201F34}.Ad-Hoc|x64.Build.0 = Debug|Any CPU
		{318FDCC7-ABF3-43C9-A8C4-4786DA201F34}.Ad-Hoc|x86.ActiveCfg = Debug|Any CPU
		{318FDCC7-ABF3-43C9-A8C4-4786DA201F34}.Ad-Hoc|x86.Build.0 = Debug|Any CPU
		{318FDCC7-ABF3-43C9-A8C4-4786DA201F34}.AppStore|Any CPU.ActiveCfg = Debug|Any CPU
		{318FDCC7-ABF3-43C9-A8C4-4786DA201F34}.AppStore|Any CPU.Build.0 = Debug|Any CPU
		{318FDCC7-ABF3-43C9-A8C4-4786DA201F34}.AppStore|ARM.ActiveCfg = Debug|Any CPU
		{318FDCC7-ABF3-43C9-A8C4-4786DA201F34}.AppStore|ARM.Build.0 = Debug|Any CPU
		{318FDCC7-ABF3-43C9-A8C4-4786DA201F34}.AppStore|iPhone.ActiveCfg = Debug|Any CPU
		{318FDCC7-ABF3-43C9-A8C4-4786DA201F34}.AppStore|iPhone.Build.0 = Debug|Any CPU
		{318FDCC7-ABF3-43C9-A8C4-4786DA201F34}.AppStore|iPhoneSimulator.ActiveCfg = Debug|Any CPU
		{318FDCC7-ABF3-43C9-A8C4-4786DA201F34}.AppStore|iPhoneSimulator.Build.0 = Debug|Any CPU
		{318FDCC7-ABF3-43C9-A8C4-4786DA201F34}.AppStore|x64.ActiveCfg = Debug|Any CPU
		{318FDCC7-ABF3-43C9-A8C4-4786DA201F34}.AppStore|x64.Build.0 = Debug|Any CPU
		{318FDCC7-ABF3-43C9-A8C4-4786DA201F34}.AppStore|x86.ActiveCfg = Debug|Any CPU
		{318FDCC7-ABF3-43C9-A8C4-4786DA201F34}.AppStore|x86.Build.0 = Debug|Any CPU
		{318FDCC7-ABF3-43C9-A8C4-4786DA201F34}.Debug|Any CPU.ActiveCfg = Debug|Any CPU
		{318FDCC7-ABF3-43C9-A8C4-4786DA201F34}.Debug|Any CPU.Build.0 = Debug|Any CPU
		{318FDCC7-ABF3-43C9-A8C4-4786DA201F34}.Debug|ARM.ActiveCfg = Debug|Any CPU
		{318FDCC7-ABF3-43C9-A8C4-4786DA201F34}.Debug|ARM.Build.0 = Debug|Any CPU
		{318FDCC7-ABF3-43C9-A8C4-4786DA201F34}.Debug|iPhone.ActiveCfg = Debug|Any CPU
		{318FDCC7-ABF3-43C9-A8C4-4786DA201F34}.Debug|iPhone.Build.0 = Debug|Any CPU
		{318FDCC7-ABF3-43C9-A8C4-4786DA201F34}.Debug|iPhoneSimulator.ActiveCfg = Debug|Any CPU
		{318FDCC7-ABF3-43C9-A8C4-4786DA201F34}.Debug|iPhoneSimulator.Build.0 = Debug|Any CPU
		{318FDCC7-ABF3-43C9-A8C4-4786DA201F34}.Debug|x64.ActiveCfg = Debug|Any CPU
		{318FDCC7-ABF3-43C9-A8C4-4786DA201F34}.Debug|x64.Build.0 = Debug|Any CPU
		{318FDCC7-ABF3-43C9-A8C4-4786DA201F34}.Debug|x86.ActiveCfg = Debug|Any CPU
		{318FDCC7-ABF3-43C9-A8C4-4786DA201F34}.Debug|x86.Build.0 = Debug|Any CPU
		{318FDCC7-ABF3-43C9-A8C4-4786DA201F34}.Release|Any CPU.ActiveCfg = Release|Any CPU
		{318FDCC7-ABF3-43C9-A8C4-4786DA201F34}.Release|Any CPU.Build.0 = Release|Any CPU
		{318FDCC7-ABF3-43C9-A8C4-4786DA201F34}.Release|ARM.ActiveCfg = Release|Any CPU
		{318FDCC7-ABF3-43C9-A8C4-4786DA201F34}.Release|ARM.Build.0 = Release|Any CPU
		{318FDCC7-ABF3-43C9-A8C4-4786DA201F34}.Release|iPhone.ActiveCfg = Release|Any CPU
		{318FDCC7-ABF3-43C9-A8C4-4786DA201F34}.Release|iPhone.Build.0 = Release|Any CPU
		{318FDCC7-ABF3-43C9-A8C4-4786DA201F34}.Release|iPhoneSimulator.ActiveCfg = Release|Any CPU
		{318FDCC7-ABF3-43C9-A8C4-4786DA201F34}.Release|iPhoneSimulator.Build.0 = Release|Any CPU
		{318FDCC7-ABF3-43C9-A8C4-4786DA201F34}.Release|x64.ActiveCfg = Release|Any CPU
		{318FDCC7-ABF3-43C9-A8C4-4786DA201F34}.Release|x64.Build.0 = Release|Any CPU
		{318FDCC7-ABF3-43C9-A8C4-4786DA201F34}.Release|x86.ActiveCfg = Release|Any CPU
		{318FDCC7-ABF3-43C9-A8C4-4786DA201F34}.Release|x86.Build.0 = Release|Any CPU
	EndGlobalSection
	GlobalSection(SolutionProperties) = preSolution
		HideSolutionNode = FALSE
	EndGlobalSection
	GlobalSection(NestedProjects) = preSolution
		{2D2A934B-3B2D-4123-B29D-AEC6D2E975FB} = {4ED9B391-A296-4215-BED6-623E5498037F}
		{332CDDDB-F0BC-4E08-8752-D8710BCE3BC9} = {2D2A934B-3B2D-4123-B29D-AEC6D2E975FB}
		{FBD3D46B-B3D7-4DE3-AB0B-E73549054499} = {332CDDDB-F0BC-4E08-8752-D8710BCE3BC9}
		{80473538-5CB2-4FB6-8C69-1512B68A4233} = {2D2A934B-3B2D-4123-B29D-AEC6D2E975FB}
		{2311F425-7466-4055-AC3B-D25D97C1366C} = {80473538-5CB2-4FB6-8C69-1512B68A4233}
		{7BF0233F-0FDA-4E20-869A-4216CDA55C46} = {80473538-5CB2-4FB6-8C69-1512B68A4233}
		{A29F73D2-650F-40A1-A390-78AB00D950B0} = {80473538-5CB2-4FB6-8C69-1512B68A4233}
		{B6ABFA11-5A9D-4959-A037-5FC9BC1BDF3F} = {80473538-5CB2-4FB6-8C69-1512B68A4233}
		{B941CCFA-3B89-4319-9F5B-18EF87B56462} = {80473538-5CB2-4FB6-8C69-1512B68A4233}
		{A92212F1-0FC5-4ED7-9545-AD3CBF1F3469} = {332CDDDB-F0BC-4E08-8752-D8710BCE3BC9}
		{2F7ABE43-5767-43D4-9AAA-8E238A751A6F} = {4ED9B391-A296-4215-BED6-623E5498037F}
		{AA879603-53F7-4928-9918-F3F7A05A5993} = {2F7ABE43-5767-43D4-9AAA-8E238A751A6F}
		{318FDCC7-ABF3-43C9-A8C4-4786DA201F34} = {332CDDDB-F0BC-4E08-8752-D8710BCE3BC9}
	EndGlobalSection
	GlobalSection(ExtensibilityGlobals) = postSolution
		SolutionGuid = {0A23AC77-7493-4084-A6F2-04A6F2E20B32}
	EndGlobalSection
EndGlobal
